
Microsoft Visual Studio Solution File, Format Version 10.00
# Visual Studio 2008
Project("{2150E333-8FDC-42A3-9474-1A3956D46DE8}") = "MP plugins", "MP plugins", "{79836E52-FF93-4FD0-818B-03FAD48D426E}"
EndProject
Project("{2150E333-8FDC-42A3-9474-1A3956D46DE8}") = "TVServer plugins", "TVServer plugins", "{2F3BA832-EA15-492D-AC8E-400CF3FEA715}"
EndProject
Project("{2150E333-8FDC-42A3-9474-1A3956D46DE8}") = "Common", "Common", "{A49450EE-A82E-4BDA-A7B2-C0609EECC7CE}"
EndProject
Project("{FAE04EC0-301F-11D3-BF4B-00C04F79EFBC}") = "TV3 Blaster Plugin", "TVServer plugins\TV3 Blaster Plugin\TV3 Blaster Plugin.csproj", "{CD395FC2-70E2-42C4-8A20-5469A0C5EB50}"
EndProject
Project("{FAE04EC0-301F-11D3-BF4B-00C04F79EFBC}") = "MediaPortalCommands", "Common\MediaPortalCommands\MediaPortalCommands.csproj", "{966281F9-3898-4CB7-9940-99D49C21F170}"
EndProject
Project("{FAE04EC0-301F-11D3-BF4B-00C04F79EFBC}") = "MPUtils", "Common\MPUtils\MPUtils.csproj", "{08F57DD7-2C6E-484E-9CC5-835F70C5BC64}"
EndProject
Project("{FAE04EC0-301F-11D3-BF4B-00C04F79EFBC}") = "MP Blast Zone Plugin", "MediaPortal Plugins\MP Blast Zone Plugin\MP Blast Zone Plugin.csproj", "{907DCA39-A5E0-4EFA-B1F6-5FBE2C1BCD25}"
EndProject
Project("{FAE04EC0-301F-11D3-BF4B-00C04F79EFBC}") = "MP Control Plugin", "MediaPortal Plugins\MP Control Plugin\MP Control Plugin.csproj", "{E8BEBBCC-1EE0-488D-8806-98ADCB7F0479}"
EndProject
Global
	GlobalSection(SolutionConfigurationPlatforms) = preSolution
		Debug|Any CPU = Debug|Any CPU
		Debug|x86 = Debug|x86
		Release|Any CPU = Release|Any CPU
		Release|x86 = Release|x86
	EndGlobalSection
	GlobalSection(ProjectConfigurationPlatforms) = postSolution
		{CD395FC2-70E2-42C4-8A20-5469A0C5EB50}.Debug|Any CPU.ActiveCfg = Debug|Any CPU
		{CD395FC2-70E2-42C4-8A20-5469A0C5EB50}.Debug|Any CPU.Build.0 = Debug|Any CPU
		{CD395FC2-70E2-42C4-8A20-5469A0C5EB50}.Debug|x86.ActiveCfg = Debug|x86
		{CD395FC2-70E2-42C4-8A20-5469A0C5EB50}.Debug|x86.Build.0 = Debug|x86
		{CD395FC2-70E2-42C4-8A20-5469A0C5EB50}.Release|Any CPU.ActiveCfg = Release|Any CPU
		{CD395FC2-70E2-42C4-8A20-5469A0C5EB50}.Release|Any CPU.Build.0 = Release|Any CPU
		{CD395FC2-70E2-42C4-8A20-5469A0C5EB50}.Release|x86.ActiveCfg = Release|x86
		{CD395FC2-70E2-42C4-8A20-5469A0C5EB50}.Release|x86.Build.0 = Release|x86
		{966281F9-3898-4CB7-9940-99D49C21F170}.Debug|Any CPU.ActiveCfg = Debug|Any CPU
		{966281F9-3898-4CB7-9940-99D49C21F170}.Debug|Any CPU.Build.0 = Debug|Any CPU
		{966281F9-3898-4CB7-9940-99D49C21F170}.Debug|x86.ActiveCfg = Debug|x86
		{966281F9-3898-4CB7-9940-99D49C21F170}.Debug|x86.Build.0 = Debug|x86
		{966281F9-3898-4CB7-9940-99D49C21F170}.Release|Any CPU.ActiveCfg = Release|Any CPU
		{966281F9-3898-4CB7-9940-99D49C21F170}.Release|Any CPU.Build.0 = Release|Any CPU
		{966281F9-3898-4CB7-9940-99D49C21F170}.Release|x86.ActiveCfg = Release|x86
		{966281F9-3898-4CB7-9940-99D49C21F170}.Release|x86.Build.0 = Release|x86
		{08F57DD7-2C6E-484E-9CC5-835F70C5BC64}.Debug|Any CPU.ActiveCfg = Debug|Any CPU
		{08F57DD7-2C6E-484E-9CC5-835F70C5BC64}.Debug|Any CPU.Build.0 = Debug|Any CPU
		{08F57DD7-2C6E-484E-9CC5-835F70C5BC64}.Debug|x86.ActiveCfg = Debug|x86
		{08F57DD7-2C6E-484E-9CC5-835F70C5BC64}.Debug|x86.Build.0 = Debug|x86
		{08F57DD7-2C6E-484E-9CC5-835F70C5BC64}.Release|Any CPU.ActiveCfg = Release|Any CPU
		{08F57DD7-2C6E-484E-9CC5-835F70C5BC64}.Release|Any CPU.Build.0 = Release|Any CPU
		{08F57DD7-2C6E-484E-9CC5-835F70C5BC64}.Release|x86.ActiveCfg = Release|x86
		{08F57DD7-2C6E-484E-9CC5-835F70C5BC64}.Release|x86.Build.0 = Release|x86
		{907DCA39-A5E0-4EFA-B1F6-5FBE2C1BCD25}.Debug|Any CPU.ActiveCfg = Debug|Any CPU
		{907DCA39-A5E0-4EFA-B1F6-5FBE2C1BCD25}.Debug|Any CPU.Build.0 = Debug|Any CPU
		{907DCA39-A5E0-4EFA-B1F6-5FBE2C1BCD25}.Debug|x86.ActiveCfg = Debug|x86
		{907DCA39-A5E0-4EFA-B1F6-5FBE2C1BCD25}.Debug|x86.Build.0 = Debug|x86
		{907DCA39-A5E0-4EFA-B1F6-5FBE2C1BCD25}.Release|Any CPU.ActiveCfg = Release|Any CPU
		{907DCA39-A5E0-4EFA-B1F6-5FBE2C1BCD25}.Release|Any CPU.Build.0 = Release|Any CPU
		{907DCA39-A5E0-4EFA-B1F6-5FBE2C1BCD25}.Release|x86.ActiveCfg = Release|x86
		{907DCA39-A5E0-4EFA-B1F6-5FBE2C1BCD25}.Release|x86.Build.0 = Release|x86
		{E8BEBBCC-1EE0-488D-8806-98ADCB7F0479}.Debug|Any CPU.ActiveCfg = Debug|Any CPU
		{E8BEBBCC-1EE0-488D-8806-98ADCB7F0479}.Debug|Any CPU.Build.0 = Debug|Any CPU
		{E8BEBBCC-1EE0-488D-8806-98ADCB7F0479}.Debug|x86.ActiveCfg = Debug|x86
		{E8BEBBCC-1EE0-488D-8806-98ADCB7F0479}.Debug|x86.Build.0 = Debug|x86
		{E8BEBBCC-1EE0-488D-8806-98ADCB7F0479}.Release|Any CPU.ActiveCfg = Release|Any CPU
		{E8BEBBCC-1EE0-488D-8806-98ADCB7F0479}.Release|Any CPU.Build.0 = Release|Any CPU
		{E8BEBBCC-1EE0-488D-8806-98ADCB7F0479}.Release|x86.ActiveCfg = Release|x86
		{E8BEBBCC-1EE0-488D-8806-98ADCB7F0479}.Release|x86.Build.0 = Release|x86
	EndGlobalSection
	GlobalSection(SolutionProperties) = preSolution
		HideSolutionNode = FALSE
	EndGlobalSection
	GlobalSection(NestedProjects) = preSolution
		{907DCA39-A5E0-4EFA-B1F6-5FBE2C1BCD25} = {79836E52-FF93-4FD0-818B-03FAD48D426E}
		{E8BEBBCC-1EE0-488D-8806-98ADCB7F0479} = {79836E52-FF93-4FD0-818B-03FAD48D426E}
		{CD395FC2-70E2-42C4-8A20-5469A0C5EB50} = {2F3BA832-EA15-492D-AC8E-400CF3FEA715}
		{966281F9-3898-4CB7-9940-99D49C21F170} = {A49450EE-A82E-4BDA-A7B2-C0609EECC7CE}
		{08F57DD7-2C6E-484E-9CC5-835F70C5BC64} = {A49450EE-A82E-4BDA-A7B2-C0609EECC7CE}
	EndGlobalSection
EndGlobal
