
Microsoft Visual Studio Solution File, Format Version 11.00
# Visual Studio 2010
Project("{2150E333-8FDC-42A3-9474-1A3956D46DE8}") = "MP plugins", "MP plugins", "{79836E52-FF93-4FD0-818B-03FAD48D426E}"
EndProject
Project("{2150E333-8FDC-42A3-9474-1A3956D46DE8}") = "TVServer plugins", "TVServer plugins", "{2F3BA832-EA15-492D-AC8E-400CF3FEA715}"
EndProject
Project("{2150E333-8FDC-42A3-9474-1A3956D46DE8}") = "Common", "Common", "{A49450EE-A82E-4BDA-A7B2-C0609EECC7CE}"
EndProject
Project("{2150E333-8FDC-42A3-9474-1A3956D46DE8}") = "_External Projects_", "_External Projects_", "{1F14A9F2-92B5-4126-AA0D-AAB2B9C491CD}"
EndProject
Project("{FAE04EC0-301F-11D3-BF4B-00C04F79EFBC}") = "TV3 Blaster Plugin", "TVServer plugins\TV3 Blaster Plugin\TV3 Blaster Plugin.csproj", "{CD395FC2-70E2-42C4-8A20-5469A0C5EB50}"
EndProject
Project("{FAE04EC0-301F-11D3-BF4B-00C04F79EFBC}") = "MediaPortalCommands", "Common\MediaPortalCommands\MediaPortalCommands.csproj", "{966281F9-3898-4CB7-9940-99D49C21F170}"
EndProject
Project("{FAE04EC0-301F-11D3-BF4B-00C04F79EFBC}") = "MPUtils", "Common\MPUtils\MPUtils.csproj", "{08F57DD7-2C6E-484E-9CC5-835F70C5BC64}"
EndProject
Project("{FAE04EC0-301F-11D3-BF4B-00C04F79EFBC}") = "MP Blast Zone Plugin", "MediaPortal Plugins\MP Blast Zone Plugin\MP Blast Zone Plugin.csproj", "{907DCA39-A5E0-4EFA-B1F6-5FBE2C1BCD25}"
EndProject
Project("{FAE04EC0-301F-11D3-BF4B-00C04F79EFBC}") = "MP Control Plugin", "MediaPortal Plugins\MP Control Plugin\MP Control Plugin.csproj", "{E8BEBBCC-1EE0-488D-8806-98ADCB7F0479}"
EndProject
Project("{FAE04EC0-301F-11D3-BF4B-00C04F79EFBC}") = "Core", "..\..\Mediaportal-1\mediaportal\Core\Core.csproj", "{02FFFC1F-2555-4B99-8B01-3432D0673855}"
EndProject
Project("{FAE04EC0-301F-11D3-BF4B-00C04F79EFBC}") = "TvLibrary.Interfaces", "..\..\Mediaportal-1\TvEngine3\TVLibrary\TvLibrary.Interfaces\TvLibrary.Interfaces.csproj", "{AE752FB4-7450-4150-9BAD-19EFA9D2AC37}"
EndProject
Project("{FAE04EC0-301F-11D3-BF4B-00C04F79EFBC}") = "TVDatabase", "..\..\Mediaportal-1\TvEngine3\TVLibrary\TVDatabase\TVDatabase.csproj", "{0FD8DEAE-37A4-49CC-A7BE-E86E0E0D85BD}"
EndProject
Project("{FAE04EC0-301F-11D3-BF4B-00C04F79EFBC}") = "TvControl", "..\..\Mediaportal-1\TvEngine3\TVLibrary\TvControl\TvControl.csproj", "{0DB878C6-1B68-4DC5-B6EF-564B7C08486F}"
EndProject
Project("{FAE04EC0-301F-11D3-BF4B-00C04F79EFBC}") = "TvBusinessLayer", "..\..\Mediaportal-1\TvEngine3\TVLibrary\TVDatabase\TvBusinessLayer\TvBusinessLayer.csproj", "{58C35C9D-F18D-40F2-8024-24E50D01E9C5}"
EndProject
Project("{FAE04EC0-301F-11D3-BF4B-00C04F79EFBC}") = "Utils", "..\..\Mediaportal-1\mediaportal\Utils\Utils.csproj", "{6DA0E4DF-6230-4642-98B5-E690BB6942BB}"
EndProject
Project("{FAE04EC0-301F-11D3-BF4B-00C04F79EFBC}") = "Dialogs", "..\..\Mediaportal-1\mediaportal\Dialogs\Dialogs.csproj", "{396C5208-5D46-4A11-92C1-FD0F2F42D7DD}"
EndProject
Project("{FAE04EC0-301F-11D3-BF4B-00C04F79EFBC}") = "Databases", "..\..\Mediaportal-1\mediaportal\Databases\Databases.csproj", "{C1BCEC3E-6074-4328-B5D9-391A457C8FFB}"
EndProject
Project("{FAE04EC0-301F-11D3-BF4B-00C04F79EFBC}") = "RemotePlugins", "..\..\Mediaportal-1\mediaportal\RemotePlugins\RemotePlugins.csproj", "{0A234721-1F13-4DF8-9B1E-64D9E3111203}"
EndProject
Project("{FAE04EC0-301F-11D3-BF4B-00C04F79EFBC}") = "MediaPortal.Support", "..\..\Mediaportal-1\mediaportal\MediaPortal.Support\MediaPortal.Support.csproj", "{BD4A3413-C9F9-4299-BB52-ED45027EE7CC}"
EndProject
Project("{FAE04EC0-301F-11D3-BF4B-00C04F79EFBC}") = "PluginBase", "..\..\Mediaportal-1\TvEngine3\TVLibrary\Plugins\PluginBase\PluginBase.csproj", "{5EE20DC0-B22B-4BDB-828B-8DC5723A1873}"
EndProject
Project("{FAE04EC0-301F-11D3-BF4B-00C04F79EFBC}") = "SetupControls", "..\..\Mediaportal-1\TvEngine3\TVLibrary\SetupControls\SetupControls.csproj", "{A2792D3C-04C1-4A92-9383-A33D59C54D8D}"
EndProject
Project("{FAE04EC0-301F-11D3-BF4B-00C04F79EFBC}") = "TV2 Blaster Plugin", "MediaPortal Plugins\TV2 Blaster Plugin\TV2 Blaster Plugin.csproj", "{7946D42A-4BCB-4D79-80EB-BA9B17CE2E90}"
EndProject
Project("{FAE04EC0-301F-11D3-BF4B-00C04F79EFBC}") = "Common.Utils", "..\..\MediaPortal-1\Common-MP-TVE3\Common.Utils\Common.Utils.csproj", "{F6EDA1F3-3DCD-43F4-8A90-E32DA70C8227}"
EndProject
Project("{FAE04EC0-301F-11D3-BF4B-00C04F79EFBC}") = "DirectShowLib", "..\..\MediaPortal-1\Common-MP-TVE3\DirectShowLib\DirectShowLib.csproj", "{CE009BFA-5EF6-4153-B2A1-2FA79698A9AE}"
EndProject
Project("{FAE04EC0-301F-11D3-BF4B-00C04F79EFBC}") = "IrssComms-Net35", "..\IR Server Suite\Common\IrssComms\IrssComms-Net35.csproj", "{BCAFDF45-70DD-46FD-8B98-880DDA585AD2}"
EndProject
Project("{FAE04EC0-301F-11D3-BF4B-00C04F79EFBC}") = "IrssUtils-Net35", "..\IR Server Suite\Common\IrssUtils\IrssUtils-Net35.csproj", "{CA15769C-232E-4CA7-94FD-206A06CA3ABB}"
EndProject
Project("{FAE04EC0-301F-11D3-BF4B-00C04F79EFBC}") = "VariableList-Net35", "..\IR Server Suite\Commands\VariableList\VariableList-Net35.csproj", "{106A69D2-670C-4DE5-A81C-A3CD5D3F21EB}"
EndProject
Project("{FAE04EC0-301F-11D3-BF4B-00C04F79EFBC}") = "Command-Net35", "..\IR Server Suite\Commands\Command\Command-Net35.csproj", "{21E04B17-D850-43E7-AAD3-876C0E062BDB}"
EndProject
Global
	GlobalSection(SolutionConfigurationPlatforms) = preSolution
		Debug|x86 = Debug|x86
		Release|x86 = Release|x86
	EndGlobalSection
	GlobalSection(ProjectConfigurationPlatforms) = postSolution
		{CD395FC2-70E2-42C4-8A20-5469A0C5EB50}.Debug|x86.ActiveCfg = Debug|x86
		{CD395FC2-70E2-42C4-8A20-5469A0C5EB50}.Debug|x86.Build.0 = Debug|x86
		{CD395FC2-70E2-42C4-8A20-5469A0C5EB50}.Release|x86.ActiveCfg = Release|x86
		{CD395FC2-70E2-42C4-8A20-5469A0C5EB50}.Release|x86.Build.0 = Release|x86
		{966281F9-3898-4CB7-9940-99D49C21F170}.Debug|x86.ActiveCfg = Debug|x86
		{966281F9-3898-4CB7-9940-99D49C21F170}.Debug|x86.Build.0 = Debug|x86
		{966281F9-3898-4CB7-9940-99D49C21F170}.Release|x86.ActiveCfg = Release|x86
		{966281F9-3898-4CB7-9940-99D49C21F170}.Release|x86.Build.0 = Release|x86
		{08F57DD7-2C6E-484E-9CC5-835F70C5BC64}.Debug|x86.ActiveCfg = Debug|x86
		{08F57DD7-2C6E-484E-9CC5-835F70C5BC64}.Debug|x86.Build.0 = Debug|x86
		{08F57DD7-2C6E-484E-9CC5-835F70C5BC64}.Release|x86.ActiveCfg = Release|x86
		{08F57DD7-2C6E-484E-9CC5-835F70C5BC64}.Release|x86.Build.0 = Release|x86
		{907DCA39-A5E0-4EFA-B1F6-5FBE2C1BCD25}.Debug|x86.ActiveCfg = Debug|x86
		{907DCA39-A5E0-4EFA-B1F6-5FBE2C1BCD25}.Debug|x86.Build.0 = Debug|x86
		{907DCA39-A5E0-4EFA-B1F6-5FBE2C1BCD25}.Release|x86.ActiveCfg = Release|x86
		{907DCA39-A5E0-4EFA-B1F6-5FBE2C1BCD25}.Release|x86.Build.0 = Release|x86
		{E8BEBBCC-1EE0-488D-8806-98ADCB7F0479}.Debug|x86.ActiveCfg = Debug|x86
		{E8BEBBCC-1EE0-488D-8806-98ADCB7F0479}.Debug|x86.Build.0 = Debug|x86
		{E8BEBBCC-1EE0-488D-8806-98ADCB7F0479}.Release|x86.ActiveCfg = Release|x86
		{E8BEBBCC-1EE0-488D-8806-98ADCB7F0479}.Release|x86.Build.0 = Release|x86
		{02FFFC1F-2555-4B99-8B01-3432D0673855}.Debug|x86.ActiveCfg = Debug|x86
		{02FFFC1F-2555-4B99-8B01-3432D0673855}.Debug|x86.Build.0 = Debug|x86
		{02FFFC1F-2555-4B99-8B01-3432D0673855}.Release|x86.ActiveCfg = Release|x86
		{02FFFC1F-2555-4B99-8B01-3432D0673855}.Release|x86.Build.0 = Release|x86
		{AE752FB4-7450-4150-9BAD-19EFA9D2AC37}.Debug|x86.ActiveCfg = Debug|x86
		{AE752FB4-7450-4150-9BAD-19EFA9D2AC37}.Debug|x86.Build.0 = Debug|x86
		{AE752FB4-7450-4150-9BAD-19EFA9D2AC37}.Release|x86.ActiveCfg = Release|x86
		{AE752FB4-7450-4150-9BAD-19EFA9D2AC37}.Release|x86.Build.0 = Release|x86
		{0FD8DEAE-37A4-49CC-A7BE-E86E0E0D85BD}.Debug|x86.ActiveCfg = Debug|x86
		{0FD8DEAE-37A4-49CC-A7BE-E86E0E0D85BD}.Debug|x86.Build.0 = Debug|x86
		{0FD8DEAE-37A4-49CC-A7BE-E86E0E0D85BD}.Release|x86.ActiveCfg = Release|x86
		{0FD8DEAE-37A4-49CC-A7BE-E86E0E0D85BD}.Release|x86.Build.0 = Release|x86
		{0DB878C6-1B68-4DC5-B6EF-564B7C08486F}.Debug|x86.ActiveCfg = Debug|x86
		{0DB878C6-1B68-4DC5-B6EF-564B7C08486F}.Debug|x86.Build.0 = Debug|x86
		{0DB878C6-1B68-4DC5-B6EF-564B7C08486F}.Release|x86.ActiveCfg = Release|x86
		{0DB878C6-1B68-4DC5-B6EF-564B7C08486F}.Release|x86.Build.0 = Release|x86
		{58C35C9D-F18D-40F2-8024-24E50D01E9C5}.Debug|x86.ActiveCfg = Debug|x86
		{58C35C9D-F18D-40F2-8024-24E50D01E9C5}.Debug|x86.Build.0 = Debug|x86
		{58C35C9D-F18D-40F2-8024-24E50D01E9C5}.Release|x86.ActiveCfg = Release|x86
		{58C35C9D-F18D-40F2-8024-24E50D01E9C5}.Release|x86.Build.0 = Release|x86
		{6DA0E4DF-6230-4642-98B5-E690BB6942BB}.Debug|x86.ActiveCfg = Debug|x86
		{6DA0E4DF-6230-4642-98B5-E690BB6942BB}.Debug|x86.Build.0 = Debug|x86
		{6DA0E4DF-6230-4642-98B5-E690BB6942BB}.Release|x86.ActiveCfg = Release|x86
		{6DA0E4DF-6230-4642-98B5-E690BB6942BB}.Release|x86.Build.0 = Release|x86
		{396C5208-5D46-4A11-92C1-FD0F2F42D7DD}.Debug|x86.ActiveCfg = Debug|x86
		{396C5208-5D46-4A11-92C1-FD0F2F42D7DD}.Debug|x86.Build.0 = Debug|x86
		{396C5208-5D46-4A11-92C1-FD0F2F42D7DD}.Release|x86.ActiveCfg = Release|x86
		{396C5208-5D46-4A11-92C1-FD0F2F42D7DD}.Release|x86.Build.0 = Release|x86
		{C1BCEC3E-6074-4328-B5D9-391A457C8FFB}.Debug|x86.ActiveCfg = Debug|x86
		{C1BCEC3E-6074-4328-B5D9-391A457C8FFB}.Debug|x86.Build.0 = Debug|x86
		{C1BCEC3E-6074-4328-B5D9-391A457C8FFB}.Release|x86.ActiveCfg = Release|x86
		{C1BCEC3E-6074-4328-B5D9-391A457C8FFB}.Release|x86.Build.0 = Release|x86
		{0A234721-1F13-4DF8-9B1E-64D9E3111203}.Debug|x86.ActiveCfg = Debug|x86
		{0A234721-1F13-4DF8-9B1E-64D9E3111203}.Debug|x86.Build.0 = Debug|x86
		{0A234721-1F13-4DF8-9B1E-64D9E3111203}.Release|x86.ActiveCfg = Release|x86
		{0A234721-1F13-4DF8-9B1E-64D9E3111203}.Release|x86.Build.0 = Release|x86
		{BD4A3413-C9F9-4299-BB52-ED45027EE7CC}.Debug|x86.ActiveCfg = Debug|x86
		{BD4A3413-C9F9-4299-BB52-ED45027EE7CC}.Debug|x86.Build.0 = Debug|x86
		{BD4A3413-C9F9-4299-BB52-ED45027EE7CC}.Release|x86.ActiveCfg = Release|x86
		{BD4A3413-C9F9-4299-BB52-ED45027EE7CC}.Release|x86.Build.0 = Release|x86
		{5EE20DC0-B22B-4BDB-828B-8DC5723A1873}.Debug|x86.ActiveCfg = Debug|x86
		{5EE20DC0-B22B-4BDB-828B-8DC5723A1873}.Debug|x86.Build.0 = Debug|x86
		{5EE20DC0-B22B-4BDB-828B-8DC5723A1873}.Release|x86.ActiveCfg = Release|x86
		{5EE20DC0-B22B-4BDB-828B-8DC5723A1873}.Release|x86.Build.0 = Release|x86
		{A2792D3C-04C1-4A92-9383-A33D59C54D8D}.Debug|x86.ActiveCfg = Debug|x86
		{A2792D3C-04C1-4A92-9383-A33D59C54D8D}.Debug|x86.Build.0 = Debug|x86
		{A2792D3C-04C1-4A92-9383-A33D59C54D8D}.Release|x86.ActiveCfg = Release|x86
		{A2792D3C-04C1-4A92-9383-A33D59C54D8D}.Release|x86.Build.0 = Release|x86
		{7946D42A-4BCB-4D79-80EB-BA9B17CE2E90}.Debug|x86.ActiveCfg = Debug|x86
		{7946D42A-4BCB-4D79-80EB-BA9B17CE2E90}.Release|x86.ActiveCfg = Release|x86
		{F6EDA1F3-3DCD-43F4-8A90-E32DA70C8227}.Debug|x86.ActiveCfg = Debug|x86
		{F6EDA1F3-3DCD-43F4-8A90-E32DA70C8227}.Debug|x86.Build.0 = Debug|x86
		{F6EDA1F3-3DCD-43F4-8A90-E32DA70C8227}.Release|x86.ActiveCfg = Release|x86
		{F6EDA1F3-3DCD-43F4-8A90-E32DA70C8227}.Release|x86.Build.0 = Release|x86
		{CE009BFA-5EF6-4153-B2A1-2FA79698A9AE}.Debug|x86.ActiveCfg = Debug|x86
		{CE009BFA-5EF6-4153-B2A1-2FA79698A9AE}.Debug|x86.Build.0 = Debug|x86
		{CE009BFA-5EF6-4153-B2A1-2FA79698A9AE}.Release|x86.ActiveCfg = Release|x86
		{CE009BFA-5EF6-4153-B2A1-2FA79698A9AE}.Release|x86.Build.0 = Release|x86
		{BCAFDF45-70DD-46FD-8B98-880DDA585AD2}.Debug|x86.ActiveCfg = Debug|x86
		{BCAFDF45-70DD-46FD-8B98-880DDA585AD2}.Debug|x86.Build.0 = Debug|x86
		{BCAFDF45-70DD-46FD-8B98-880DDA585AD2}.Release|x86.ActiveCfg = Release|x86
		{BCAFDF45-70DD-46FD-8B98-880DDA585AD2}.Release|x86.Build.0 = Release|x86
		{CA15769C-232E-4CA7-94FD-206A06CA3ABB}.Debug|x86.ActiveCfg = Debug|x86
		{CA15769C-232E-4CA7-94FD-206A06CA3ABB}.Debug|x86.Build.0 = Debug|x86
		{CA15769C-232E-4CA7-94FD-206A06CA3ABB}.Release|x86.ActiveCfg = Release|x86
		{CA15769C-232E-4CA7-94FD-206A06CA3ABB}.Release|x86.Build.0 = Release|x86
		{106A69D2-670C-4DE5-A81C-A3CD5D3F21EB}.Debug|x86.ActiveCfg = Debug|x86
		{106A69D2-670C-4DE5-A81C-A3CD5D3F21EB}.Debug|x86.Build.0 = Debug|x86
		{106A69D2-670C-4DE5-A81C-A3CD5D3F21EB}.Release|x86.ActiveCfg = Release|x86
		{106A69D2-670C-4DE5-A81C-A3CD5D3F21EB}.Release|x86.Build.0 = Release|x86
		{21E04B17-D850-43E7-AAD3-876C0E062BDB}.Debug|x86.ActiveCfg = Debug|x86
		{21E04B17-D850-43E7-AAD3-876C0E062BDB}.Debug|x86.Build.0 = Debug|x86
		{21E04B17-D850-43E7-AAD3-876C0E062BDB}.Release|x86.ActiveCfg = Release|x86
		{21E04B17-D850-43E7-AAD3-876C0E062BDB}.Release|x86.Build.0 = Release|x86
	EndGlobalSection
	GlobalSection(SolutionProperties) = preSolution
		HideSolutionNode = FALSE
	EndGlobalSection
	GlobalSection(NestedProjects) = preSolution
		{907DCA39-A5E0-4EFA-B1F6-5FBE2C1BCD25} = {79836E52-FF93-4FD0-818B-03FAD48D426E}
		{E8BEBBCC-1EE0-488D-8806-98ADCB7F0479} = {79836E52-FF93-4FD0-818B-03FAD48D426E}
		{7946D42A-4BCB-4D79-80EB-BA9B17CE2E90} = {79836E52-FF93-4FD0-818B-03FAD48D426E}
		{CD395FC2-70E2-42C4-8A20-5469A0C5EB50} = {2F3BA832-EA15-492D-AC8E-400CF3FEA715}
		{966281F9-3898-4CB7-9940-99D49C21F170} = {A49450EE-A82E-4BDA-A7B2-C0609EECC7CE}
		{08F57DD7-2C6E-484E-9CC5-835F70C5BC64} = {A49450EE-A82E-4BDA-A7B2-C0609EECC7CE}
		{02FFFC1F-2555-4B99-8B01-3432D0673855} = {1F14A9F2-92B5-4126-AA0D-AAB2B9C491CD}
		{AE752FB4-7450-4150-9BAD-19EFA9D2AC37} = {1F14A9F2-92B5-4126-AA0D-AAB2B9C491CD}
		{0FD8DEAE-37A4-49CC-A7BE-E86E0E0D85BD} = {1F14A9F2-92B5-4126-AA0D-AAB2B9C491CD}
		{0DB878C6-1B68-4DC5-B6EF-564B7C08486F} = {1F14A9F2-92B5-4126-AA0D-AAB2B9C491CD}
		{58C35C9D-F18D-40F2-8024-24E50D01E9C5} = {1F14A9F2-92B5-4126-AA0D-AAB2B9C491CD}
		{6DA0E4DF-6230-4642-98B5-E690BB6942BB} = {1F14A9F2-92B5-4126-AA0D-AAB2B9C491CD}
		{396C5208-5D46-4A11-92C1-FD0F2F42D7DD} = {1F14A9F2-92B5-4126-AA0D-AAB2B9C491CD}
		{C1BCEC3E-6074-4328-B5D9-391A457C8FFB} = {1F14A9F2-92B5-4126-AA0D-AAB2B9C491CD}
		{0A234721-1F13-4DF8-9B1E-64D9E3111203} = {1F14A9F2-92B5-4126-AA0D-AAB2B9C491CD}
		{BD4A3413-C9F9-4299-BB52-ED45027EE7CC} = {1F14A9F2-92B5-4126-AA0D-AAB2B9C491CD}
		{5EE20DC0-B22B-4BDB-828B-8DC5723A1873} = {1F14A9F2-92B5-4126-AA0D-AAB2B9C491CD}
		{A2792D3C-04C1-4A92-9383-A33D59C54D8D} = {1F14A9F2-92B5-4126-AA0D-AAB2B9C491CD}
		{F6EDA1F3-3DCD-43F4-8A90-E32DA70C8227} = {1F14A9F2-92B5-4126-AA0D-AAB2B9C491CD}
		{CE009BFA-5EF6-4153-B2A1-2FA79698A9AE} = {1F14A9F2-92B5-4126-AA0D-AAB2B9C491CD}
		{BCAFDF45-70DD-46FD-8B98-880DDA585AD2} = {1F14A9F2-92B5-4126-AA0D-AAB2B9C491CD}
		{CA15769C-232E-4CA7-94FD-206A06CA3ABB} = {1F14A9F2-92B5-4126-AA0D-AAB2B9C491CD}
		{106A69D2-670C-4DE5-A81C-A3CD5D3F21EB} = {1F14A9F2-92B5-4126-AA0D-AAB2B9C491CD}
		{21E04B17-D850-43E7-AAD3-876C0E062BDB} = {1F14A9F2-92B5-4126-AA0D-AAB2B9C491CD}
	EndGlobalSection
EndGlobal
