
Microsoft Visual Studio Solution File, Format Version 9.00
# Visual Studio 2005
Project("{2150E333-8FDC-42A3-9474-1A3956D46DE8}") = "Applications", "Applications", "{0C209E91-5AD5-4662-AD0E-976A940D4806}"
	ProjectSection(WebsiteProperties) = preProject
		Debug.AspNetCompiler.Debug = "True"
		Release.AspNetCompiler.Debug = "False"
	EndProjectSection
EndProject
Project("{FAE04EC0-301F-11D3-BF4B-00C04F79EFBC}") = "IR Server", "Applications\IR Server\IR Server.csproj", "{D2A1F8D6-A9D3-4BFA-913B-8806642BD0DA}"
	ProjectSection(WebsiteProperties) = preProject
		Debug.AspNetCompiler.Debug = "True"
		Release.AspNetCompiler.Debug = "False"
	EndProjectSection
EndProject
Project("{FAE04EC0-301F-11D3-BF4B-00C04F79EFBC}") = "Tray Launcher", "Applications\Tray Launcher\Tray Launcher.csproj", "{0C894165-4BE8-4CF7-8F92-2B6DF68EB43A}"
	ProjectSection(WebsiteProperties) = preProject
		Debug.AspNetCompiler.Debug = "True"
		Release.AspNetCompiler.Debug = "False"
	EndProjectSection
EndProject
Project("{FAE04EC0-301F-11D3-BF4B-00C04F79EFBC}") = "Debug Client", "Applications\Debug Client\Debug Client.csproj", "{4CD051F4-F2B5-47B3-8647-F47C2E4DC131}"
	ProjectSection(WebsiteProperties) = preProject
		Debug.AspNetCompiler.Debug = "True"
		Release.AspNetCompiler.Debug = "False"
	EndProjectSection
EndProject
Project("{FAE04EC0-301F-11D3-BF4B-00C04F79EFBC}") = "Translator", "Applications\Translator\Translator.csproj", "{A8B8B9C6-9E88-486B-AE9C-F2D945ED05A6}"
	ProjectSection(WebsiteProperties) = preProject
		Debug.AspNetCompiler.Debug = "True"
		Release.AspNetCompiler.Debug = "False"
	EndProjectSection
EndProject
Project("{FAE04EC0-301F-11D3-BF4B-00C04F79EFBC}") = "Virtual Remote", "Applications\Virtual Remote\Virtual Remote.csproj", "{46C08F6B-F3C8-461B-9B6F-3BFD4AAAFD63}"
	ProjectSection(WebsiteProperties) = preProject
		Debug.AspNetCompiler.Debug = "True"
		Release.AspNetCompiler.Debug = "False"
	EndProjectSection
EndProject
Project("{FAE04EC0-301F-11D3-BF4B-00C04F79EFBC}") = "Virtual Remote Skin Editor", "Applications\Virtual Remote Skin Editor\Virtual Remote Skin Editor.csproj", "{D871AB9A-71B3-4D63-8320-084BAD75064E}"
	ProjectSection(WebsiteProperties) = preProject
		Debug.AspNetCompiler.Debug = "True"
		Release.AspNetCompiler.Debug = "False"
	EndProjectSection
EndProject
Project("{2150E333-8FDC-42A3-9474-1A3956D46DE8}") = "IR Server Plugins", "IR Server Plugins", "{0D1620EE-01B9-43B5-9FAA-E983BD9EBDBD}"
	ProjectSection(WebsiteProperties) = preProject
		Debug.AspNetCompiler.Debug = "True"
		Release.AspNetCompiler.Debug = "False"
	EndProjectSection
EndProject
Project("{2150E333-8FDC-42A3-9474-1A3956D46DE8}") = "MediaPortal Plugins", "MediaPortal Plugins", "{6C18D808-E5ED-4CFB-A7CD-E2BDBB1D9BDA}"
	ProjectSection(WebsiteProperties) = preProject
		Debug.AspNetCompiler.Debug = "True"
		Release.AspNetCompiler.Debug = "False"
	EndProjectSection
EndProject
Project("{FAE04EC0-301F-11D3-BF4B-00C04F79EFBC}") = "MP Control Plugin", "MediaPortal Plugins\MP Control Plugin\MP Control Plugin.csproj", "{E8BEBBCC-1EE0-488D-8806-98ADCB7F0479}"
	ProjectSection(WebsiteProperties) = preProject
		Debug.AspNetCompiler.Debug = "True"
		Release.AspNetCompiler.Debug = "False"
	EndProjectSection
EndProject
Project("{FAE04EC0-301F-11D3-BF4B-00C04F79EFBC}") = "TV2 Blaster Plugin", "MediaPortal Plugins\TV2 Blaster Plugin\TV2 Blaster Plugin.csproj", "{7946D42A-4BCB-4D79-80EB-BA9B17CE2E90}"
	ProjectSection(WebsiteProperties) = preProject
		Debug.AspNetCompiler.Debug = "True"
		Release.AspNetCompiler.Debug = "False"
	EndProjectSection
EndProject
Project("{FAE04EC0-301F-11D3-BF4B-00C04F79EFBC}") = "TV3 Blaster Plugin", "MediaPortal Plugins\TV3 Blaster Plugin\TV3 Blaster Plugin.csproj", "{CD395FC2-70E2-42C4-8A20-5469A0C5EB50}"
	ProjectSection(WebsiteProperties) = preProject
		Debug.AspNetCompiler.Debug = "True"
		Release.AspNetCompiler.Debug = "False"
	EndProjectSection
EndProject
Project("{FAE04EC0-301F-11D3-BF4B-00C04F79EFBC}") = "IgorPlug USB Receiver", "IR Server Plugins\IgorPlug USB Receiver\IgorPlug USB Receiver.csproj", "{A4023992-CCD6-461E-8E14-219A496734C5}"
	ProjectSection(WebsiteProperties) = preProject
		Debug.AspNetCompiler.Debug = "True"
		Release.AspNetCompiler.Debug = "False"
	EndProjectSection
EndProject
Project("{FAE04EC0-301F-11D3-BF4B-00C04F79EFBC}") = "IRMan Receiver", "IR Server Plugins\IRMan Receiver\IRMan Receiver.csproj", "{7C686499-7517-4338-8837-7E8617549D9A}"
	ProjectSection(WebsiteProperties) = preProject
		Debug.AspNetCompiler.Debug = "True"
		Release.AspNetCompiler.Debug = "False"
	EndProjectSection
EndProject
Project("{FAE04EC0-301F-11D3-BF4B-00C04F79EFBC}") = "Microsoft MCE Transceiver", "IR Server Plugins\Microsoft MCE Transceiver\Microsoft MCE Transceiver.csproj", "{BABC30EB-7D0F-4398-9FCB-E517EA8D2AA9}"
	ProjectSection(WebsiteProperties) = preProject
		Debug.AspNetCompiler.Debug = "True"
		Release.AspNetCompiler.Debug = "False"
	EndProjectSection
EndProject
Project("{FAE04EC0-301F-11D3-BF4B-00C04F79EFBC}") = "USB-UIRT Transceiver", "IR Server Plugins\USB-UIRT Transceiver\USB-UIRT Transceiver.csproj", "{99B5CA78-3E0B-477F-A7D3-EE1B65E85DE4}"
	ProjectSection(WebsiteProperties) = preProject
		Debug.AspNetCompiler.Debug = "True"
		Release.AspNetCompiler.Debug = "False"
	EndProjectSection
EndProject
Project("{FAE04EC0-301F-11D3-BF4B-00C04F79EFBC}") = "Windows Message Receiver", "IR Server Plugins\Windows Message Receiver\Windows Message Receiver.csproj", "{4CBA81F9-F0C2-4242-8D72-204597285042}"
	ProjectSection(WebsiteProperties) = preProject
		Debug.AspNetCompiler.Debug = "True"
		Release.AspNetCompiler.Debug = "False"
	EndProjectSection
EndProject
Project("{FAE04EC0-301F-11D3-BF4B-00C04F79EFBC}") = "XBCDRC Receiver", "IR Server Plugins\XBCDRC Receiver\XBCDRC Receiver.csproj", "{2B9C6BE9-98D0-4D69-B041-57EE5D2DFB97}"
	ProjectSection(WebsiteProperties) = preProject
		Debug.AspNetCompiler.Debug = "True"
		Release.AspNetCompiler.Debug = "False"
	EndProjectSection
EndProject
Project("{FAE04EC0-301F-11D3-BF4B-00C04F79EFBC}") = "MP Blast Zone Plugin", "MediaPortal Plugins\MP Blast Zone Plugin\MP Blast Zone Plugin.csproj", "{907DCA39-A5E0-4EFA-B1F6-5FBE2C1BCD25}"
	ProjectSection(WebsiteProperties) = preProject
		Debug.AspNetCompiler.Debug = "True"
		Release.AspNetCompiler.Debug = "False"
	EndProjectSection
EndProject
Project("{FAE04EC0-301F-11D3-BF4B-00C04F79EFBC}") = "IRTrans Transceiver", "IR Server Plugins\IRTrans Transceiver\IRTrans Transceiver.csproj", "{883913F6-F4A7-4DE2-846A-C2102FAF499E}"
	ProjectSection(WebsiteProperties) = preProject
		Debug.AspNetCompiler.Debug = "True"
		Release.AspNetCompiler.Debug = "False"
	EndProjectSection
EndProject
Project("{FAE04EC0-301F-11D3-BF4B-00C04F79EFBC}") = "X10 Transceiver", "IR Server Plugins\X10 Transceiver\X10 Transceiver.csproj", "{253FFB14-AB8E-49AB-A005-A42428C3F452}"
	ProjectSection(WebsiteProperties) = preProject
		Debug.AspNetCompiler.Debug = "True"
		Release.AspNetCompiler.Debug = "False"
	EndProjectSection
EndProject
Project("{FAE04EC0-301F-11D3-BF4B-00C04F79EFBC}") = "FusionREMOTE Receiver", "IR Server Plugins\FusionRemote Receiver\FusionREMOTE Receiver.csproj", "{9FDD649E-0502-4FED-9AC1-AA0346394375}"
	ProjectSection(WebsiteProperties) = preProject
		Debug.AspNetCompiler.Debug = "True"
		Release.AspNetCompiler.Debug = "False"
	EndProjectSection
EndProject
Project("{2150E333-8FDC-42A3-9474-1A3956D46DE8}") = "Common", "Common", "{E757F80C-23C5-4AD6-B178-16799E337E03}"
	ProjectSection(WebsiteProperties) = preProject
		Debug.AspNetCompiler.Debug = "True"
		Release.AspNetCompiler.Debug = "False"
	EndProjectSection
EndProject
Project("{FAE04EC0-301F-11D3-BF4B-00C04F79EFBC}") = "IrssUtils", "Common\IrssUtils\IrssUtils.csproj", "{CA15769C-232E-4CA7-94FD-206A06CA3ABB}"
	ProjectSection(WebsiteProperties) = preProject
		Debug.AspNetCompiler.Debug = "True"
		Release.AspNetCompiler.Debug = "False"
	EndProjectSection
EndProject
Project("{FAE04EC0-301F-11D3-BF4B-00C04F79EFBC}") = "MPUtils", "Common\MPUtils\MPUtils.csproj", "{08F57DD7-2C6E-484E-9CC5-835F70C5BC64}"
	ProjectSection(WebsiteProperties) = preProject
		Debug.AspNetCompiler.Debug = "True"
		Release.AspNetCompiler.Debug = "False"
	EndProjectSection
EndProject
Project("{FAE04EC0-301F-11D3-BF4B-00C04F79EFBC}") = "IR Server Plugin Interface", "IR Server Plugins\IR Server Plugin Interface\IR Server Plugin Interface.csproj", "{D8B3D28F-62CE-4CA7-86CE-B7EAD614A94C}"
	ProjectSection(WebsiteProperties) = preProject
		Debug.AspNetCompiler.Debug = "True"
		Release.AspNetCompiler.Debug = "False"
	EndProjectSection
EndProject
Project("{FAE04EC0-301F-11D3-BF4B-00C04F79EFBC}") = "Custom HID Receiver", "IR Server Plugins\Custom HID Receiver\Custom HID Receiver.csproj", "{0F6576B4-C88E-4E79-B7E9-9480498C5A32}"
	ProjectSection(WebsiteProperties) = preProject
		Debug.AspNetCompiler.Debug = "True"
		Release.AspNetCompiler.Debug = "False"
	EndProjectSection
EndProject
Project("{FAE04EC0-301F-11D3-BF4B-00C04F79EFBC}") = "IR Blast", "Applications\IR Blast\IR Blast.csproj", "{C6B0CF12-01D3-439A-9FB4-DEFD5B32F6FB}"
	ProjectSection(WebsiteProperties) = preProject
		Debug.AspNetCompiler.Debug = "True"
		Release.AspNetCompiler.Debug = "False"
	EndProjectSection
EndProject
Project("{FAE04EC0-301F-11D3-BF4B-00C04F79EFBC}") = "IR Blast (No Window)", "Applications\IR Blast (No Window)\IR Blast (No Window).csproj", "{54E0E8FA-09C3-4755-B9CE-E7E5DDA3E932}"
	ProjectSection(WebsiteProperties) = preProject
		Debug.AspNetCompiler.Debug = "True"
		Release.AspNetCompiler.Debug = "False"
	EndProjectSection
EndProject
Project("{FAE04EC0-301F-11D3-BF4B-00C04F79EFBC}") = "IrssComms", "Common\IrssComms\IrssComms.csproj", "{BCAFDF45-70DD-46FD-8B98-880DDA585AD2}"
	ProjectSection(WebsiteProperties) = preProject
		Debug.AspNetCompiler.Debug = "True"
		Release.AspNetCompiler.Debug = "False"
	EndProjectSection
EndProject
Project("{FAE04EC0-301F-11D3-BF4B-00C04F79EFBC}") = "Sage Setup", "Applications\SageSetup\Sage Setup.csproj", "{905131F8-F8AC-4A65-A722-37783902D7B8}"
	ProjectSection(WebsiteProperties) = preProject
		Debug.AspNetCompiler.Debug = "True"
		Release.AspNetCompiler.Debug = "False"
	EndProjectSection
EndProject
Project("{FAE04EC0-301F-11D3-BF4B-00C04F79EFBC}") = "IR File Tool", "Applications\IR File Tool\IR File Tool.csproj", "{B5E711A2-E6D0-4BEA-B66B-7A8B0BCA6A4D}"
	ProjectSection(WebsiteProperties) = preProject
		Debug.AspNetCompiler.Debug = "True"
		Release.AspNetCompiler.Debug = "False"
	EndProjectSection
EndProject
Project("{FAE04EC0-301F-11D3-BF4B-00C04F79EFBC}") = "HCW Transceiver", "IR Server Plugins\HCW Transceiver\HCW Transceiver.csproj", "{EE8F2C22-8BD3-4832-85F0-E6F67ED3AADB}"
	ProjectSection(WebsiteProperties) = preProject
		Debug.AspNetCompiler.Debug = "True"
		Release.AspNetCompiler.Debug = "False"
	EndProjectSection
EndProject
Project("{FAE04EC0-301F-11D3-BF4B-00C04F79EFBC}") = "WinLirc Transceiver", "IR Server Plugins\WinLirc Transceiver\WinLirc Transceiver.csproj", "{E6A68244-8C31-44A9-9F85-B4A102B5F209}"
	ProjectSection(WebsiteProperties) = preProject
		Debug.AspNetCompiler.Debug = "True"
		Release.AspNetCompiler.Debug = "False"
	EndProjectSection
EndProject
Project("{FAE04EC0-301F-11D3-BF4B-00C04F79EFBC}") = "Girder Plugin", "IR Server Plugins\Girder Plugin\Girder Plugin.csproj", "{0C291BE9-5D15-4097-9119-4FFE19C23113}"
	ProjectSection(WebsiteProperties) = preProject
		Debug.AspNetCompiler.Debug = "True"
		Release.AspNetCompiler.Debug = "False"
	EndProjectSection
EndProject
Project("{FAE04EC0-301F-11D3-BF4B-00C04F79EFBC}") = "TestServer", "TestServer\TestServer.csproj", "{327F54E5-D1DC-4297-BF2F-4283EB30FFB1}"
	ProjectSection(WebsiteProperties) = preProject
		Debug.AspNetCompiler.Debug = "True"
		Release.AspNetCompiler.Debug = "False"
	EndProjectSection
EndProject
Project("{FAE04EC0-301F-11D3-BF4B-00C04F79EFBC}") = "TestClient", "TestClient\TestClient.csproj", "{DDB52A4D-A670-411A-8273-8B1707C67028}"
	ProjectSection(WebsiteProperties) = preProject
		Debug.AspNetCompiler.Debug = "True"
		Release.AspNetCompiler.Debug = "False"
	EndProjectSection
EndProject
Project("{FAE04EC0-301F-11D3-BF4B-00C04F79EFBC}") = "MCEReplacement", "..\MCEReplacement\MCEReplacement.csproj", "{B45E87BC-AC5A-4923-A911-79C95DCC5602}"
	ProjectSection(WebsiteProperties) = preProject
		Debug.AspNetCompiler.Debug = "True"
		Release.AspNetCompiler.Debug = "False"
	EndProjectSection
EndProject
Project("{FAE04EC0-301F-11D3-BF4B-00C04F79EFBC}") = "Serial IR Blaster", "IR Server Plugins\Serial IR Blaster\Serial IR Blaster.csproj", "{1D4B9ABE-F37D-4C38-9BC5-EDD43F271F4E}"
	ProjectSection(WebsiteProperties) = preProject
		Debug.AspNetCompiler.Debug = "True"
		Release.AspNetCompiler.Debug = "False"
	EndProjectSection
EndProject
Project("{2150E333-8FDC-42A3-9474-1A3956D46DE8}") = "Input Service", "Input Service", "{DEE5AAD1-0110-4681-8FF9-662CEA72FD94}"
	ProjectSection(WebsiteProperties) = preProject
		Debug.AspNetCompiler.Debug = "True"
		Release.AspNetCompiler.Debug = "False"
	EndProjectSection
EndProject
Project("{FAE04EC0-301F-11D3-BF4B-00C04F79EFBC}") = "Input Service", "Input Service\Input Service\Input Service.csproj", "{8ADDE1CB-2D23-4AB1-88B1-A241C60C16BA}"
	ProjectSection(WebsiteProperties) = preProject
		Debug.AspNetCompiler.Debug = "True"
		Release.AspNetCompiler.Debug = "False"
	EndProjectSection
EndProject
Project("{FAE04EC0-301F-11D3-BF4B-00C04F79EFBC}") = "Configuration", "Input Service\Input Service Configuration\Configuration.csproj", "{DC79E2EC-7D1B-4359-A285-38AC8154166B}"
	ProjectSection(WebsiteProperties) = preProject
		Debug.AspNetCompiler.Debug = "True"
		Release.AspNetCompiler.Debug = "False"
	EndProjectSection
EndProject
Global
	GlobalSection(SolutionConfigurationPlatforms) = preSolution
		Debug|Any CPU = Debug|Any CPU
		Debug|x86 = Debug|x86
		Release|Any CPU = Release|Any CPU
		Release|x86 = Release|x86
	EndGlobalSection
	GlobalSection(ProjectConfigurationPlatforms) = postSolution
		{D2A1F8D6-A9D3-4BFA-913B-8806642BD0DA}.Debug|Any CPU.ActiveCfg = Debug|Any CPU
		{D2A1F8D6-A9D3-4BFA-913B-8806642BD0DA}.Debug|Any CPU.Build.0 = Debug|Any CPU
		{D2A1F8D6-A9D3-4BFA-913B-8806642BD0DA}.Debug|x86.ActiveCfg = Debug|x86
		{D2A1F8D6-A9D3-4BFA-913B-8806642BD0DA}.Debug|x86.Build.0 = Debug|x86
		{D2A1F8D6-A9D3-4BFA-913B-8806642BD0DA}.Release|Any CPU.ActiveCfg = Release|Any CPU
		{D2A1F8D6-A9D3-4BFA-913B-8806642BD0DA}.Release|Any CPU.Build.0 = Release|Any CPU
		{D2A1F8D6-A9D3-4BFA-913B-8806642BD0DA}.Release|x86.ActiveCfg = Release|x86
		{D2A1F8D6-A9D3-4BFA-913B-8806642BD0DA}.Release|x86.Build.0 = Release|x86
		{0C894165-4BE8-4CF7-8F92-2B6DF68EB43A}.Debug|Any CPU.ActiveCfg = Debug|Any CPU
		{0C894165-4BE8-4CF7-8F92-2B6DF68EB43A}.Debug|Any CPU.Build.0 = Debug|Any CPU
		{0C894165-4BE8-4CF7-8F92-2B6DF68EB43A}.Debug|x86.ActiveCfg = Debug|x86
		{0C894165-4BE8-4CF7-8F92-2B6DF68EB43A}.Debug|x86.Build.0 = Debug|x86
		{0C894165-4BE8-4CF7-8F92-2B6DF68EB43A}.Release|Any CPU.ActiveCfg = Release|Any CPU
		{0C894165-4BE8-4CF7-8F92-2B6DF68EB43A}.Release|Any CPU.Build.0 = Release|Any CPU
		{0C894165-4BE8-4CF7-8F92-2B6DF68EB43A}.Release|x86.ActiveCfg = Release|x86
		{0C894165-4BE8-4CF7-8F92-2B6DF68EB43A}.Release|x86.Build.0 = Release|x86
		{4CD051F4-F2B5-47B3-8647-F47C2E4DC131}.Debug|Any CPU.ActiveCfg = Debug|Any CPU
		{4CD051F4-F2B5-47B3-8647-F47C2E4DC131}.Debug|Any CPU.Build.0 = Debug|Any CPU
		{4CD051F4-F2B5-47B3-8647-F47C2E4DC131}.Debug|x86.ActiveCfg = Debug|x86
		{4CD051F4-F2B5-47B3-8647-F47C2E4DC131}.Debug|x86.Build.0 = Debug|x86
		{4CD051F4-F2B5-47B3-8647-F47C2E4DC131}.Release|Any CPU.ActiveCfg = Release|Any CPU
		{4CD051F4-F2B5-47B3-8647-F47C2E4DC131}.Release|Any CPU.Build.0 = Release|Any CPU
		{4CD051F4-F2B5-47B3-8647-F47C2E4DC131}.Release|x86.ActiveCfg = Release|x86
		{4CD051F4-F2B5-47B3-8647-F47C2E4DC131}.Release|x86.Build.0 = Release|x86
		{A8B8B9C6-9E88-486B-AE9C-F2D945ED05A6}.Debug|Any CPU.ActiveCfg = Debug|Any CPU
		{A8B8B9C6-9E88-486B-AE9C-F2D945ED05A6}.Debug|Any CPU.Build.0 = Debug|Any CPU
		{A8B8B9C6-9E88-486B-AE9C-F2D945ED05A6}.Debug|x86.ActiveCfg = Debug|x86
		{A8B8B9C6-9E88-486B-AE9C-F2D945ED05A6}.Debug|x86.Build.0 = Debug|x86
		{A8B8B9C6-9E88-486B-AE9C-F2D945ED05A6}.Release|Any CPU.ActiveCfg = Release|Any CPU
		{A8B8B9C6-9E88-486B-AE9C-F2D945ED05A6}.Release|Any CPU.Build.0 = Release|Any CPU
		{A8B8B9C6-9E88-486B-AE9C-F2D945ED05A6}.Release|x86.ActiveCfg = Release|x86
		{A8B8B9C6-9E88-486B-AE9C-F2D945ED05A6}.Release|x86.Build.0 = Release|x86
		{46C08F6B-F3C8-461B-9B6F-3BFD4AAAFD63}.Debug|Any CPU.ActiveCfg = Debug|Any CPU
		{46C08F6B-F3C8-461B-9B6F-3BFD4AAAFD63}.Debug|Any CPU.Build.0 = Debug|Any CPU
		{46C08F6B-F3C8-461B-9B6F-3BFD4AAAFD63}.Debug|x86.ActiveCfg = Debug|x86
		{46C08F6B-F3C8-461B-9B6F-3BFD4AAAFD63}.Debug|x86.Build.0 = Debug|x86
		{46C08F6B-F3C8-461B-9B6F-3BFD4AAAFD63}.Release|Any CPU.ActiveCfg = Release|Any CPU
		{46C08F6B-F3C8-461B-9B6F-3BFD4AAAFD63}.Release|Any CPU.Build.0 = Release|Any CPU
		{46C08F6B-F3C8-461B-9B6F-3BFD4AAAFD63}.Release|x86.ActiveCfg = Release|x86
		{46C08F6B-F3C8-461B-9B6F-3BFD4AAAFD63}.Release|x86.Build.0 = Release|x86
		{D871AB9A-71B3-4D63-8320-084BAD75064E}.Debug|Any CPU.ActiveCfg = Debug|Any CPU
		{D871AB9A-71B3-4D63-8320-084BAD75064E}.Debug|Any CPU.Build.0 = Debug|Any CPU
		{D871AB9A-71B3-4D63-8320-084BAD75064E}.Debug|x86.ActiveCfg = Debug|x86
		{D871AB9A-71B3-4D63-8320-084BAD75064E}.Debug|x86.Build.0 = Debug|x86
		{D871AB9A-71B3-4D63-8320-084BAD75064E}.Release|Any CPU.ActiveCfg = Release|Any CPU
		{D871AB9A-71B3-4D63-8320-084BAD75064E}.Release|Any CPU.Build.0 = Release|Any CPU
		{D871AB9A-71B3-4D63-8320-084BAD75064E}.Release|x86.ActiveCfg = Release|x86
		{D871AB9A-71B3-4D63-8320-084BAD75064E}.Release|x86.Build.0 = Release|x86
		{E8BEBBCC-1EE0-488D-8806-98ADCB7F0479}.Debug|Any CPU.ActiveCfg = Debug|Any CPU
		{E8BEBBCC-1EE0-488D-8806-98ADCB7F0479}.Debug|Any CPU.Build.0 = Debug|Any CPU
		{E8BEBBCC-1EE0-488D-8806-98ADCB7F0479}.Debug|x86.ActiveCfg = Debug|x86
		{E8BEBBCC-1EE0-488D-8806-98ADCB7F0479}.Debug|x86.Build.0 = Debug|x86
		{E8BEBBCC-1EE0-488D-8806-98ADCB7F0479}.Release|Any CPU.ActiveCfg = Release|Any CPU
		{E8BEBBCC-1EE0-488D-8806-98ADCB7F0479}.Release|Any CPU.Build.0 = Release|Any CPU
		{E8BEBBCC-1EE0-488D-8806-98ADCB7F0479}.Release|x86.ActiveCfg = Release|x86
		{E8BEBBCC-1EE0-488D-8806-98ADCB7F0479}.Release|x86.Build.0 = Release|x86
		{7946D42A-4BCB-4D79-80EB-BA9B17CE2E90}.Debug|Any CPU.ActiveCfg = Debug|Any CPU
		{7946D42A-4BCB-4D79-80EB-BA9B17CE2E90}.Debug|Any CPU.Build.0 = Debug|Any CPU
		{7946D42A-4BCB-4D79-80EB-BA9B17CE2E90}.Debug|x86.ActiveCfg = Debug|x86
		{7946D42A-4BCB-4D79-80EB-BA9B17CE2E90}.Debug|x86.Build.0 = Debug|x86
		{7946D42A-4BCB-4D79-80EB-BA9B17CE2E90}.Release|Any CPU.ActiveCfg = Release|Any CPU
		{7946D42A-4BCB-4D79-80EB-BA9B17CE2E90}.Release|Any CPU.Build.0 = Release|Any CPU
		{7946D42A-4BCB-4D79-80EB-BA9B17CE2E90}.Release|x86.ActiveCfg = Release|x86
		{7946D42A-4BCB-4D79-80EB-BA9B17CE2E90}.Release|x86.Build.0 = Release|x86
		{CD395FC2-70E2-42C4-8A20-5469A0C5EB50}.Debug|Any CPU.ActiveCfg = Debug|Any CPU
		{CD395FC2-70E2-42C4-8A20-5469A0C5EB50}.Debug|Any CPU.Build.0 = Debug|Any CPU
		{CD395FC2-70E2-42C4-8A20-5469A0C5EB50}.Debug|x86.ActiveCfg = Debug|x86
		{CD395FC2-70E2-42C4-8A20-5469A0C5EB50}.Debug|x86.Build.0 = Debug|x86
		{CD395FC2-70E2-42C4-8A20-5469A0C5EB50}.Release|Any CPU.ActiveCfg = Release|Any CPU
		{CD395FC2-70E2-42C4-8A20-5469A0C5EB50}.Release|Any CPU.Build.0 = Release|Any CPU
		{CD395FC2-70E2-42C4-8A20-5469A0C5EB50}.Release|x86.ActiveCfg = Release|x86
		{CD395FC2-70E2-42C4-8A20-5469A0C5EB50}.Release|x86.Build.0 = Release|x86
		{A4023992-CCD6-461E-8E14-219A496734C5}.Debug|Any CPU.ActiveCfg = Debug|x86
		{A4023992-CCD6-461E-8E14-219A496734C5}.Debug|x86.ActiveCfg = Debug|x86
		{A4023992-CCD6-461E-8E14-219A496734C5}.Debug|x86.Build.0 = Debug|x86
		{A4023992-CCD6-461E-8E14-219A496734C5}.Release|Any CPU.ActiveCfg = Release|x86
		{A4023992-CCD6-461E-8E14-219A496734C5}.Release|x86.ActiveCfg = Release|x86
		{A4023992-CCD6-461E-8E14-219A496734C5}.Release|x86.Build.0 = Release|x86
		{7C686499-7517-4338-8837-7E8617549D9A}.Debug|Any CPU.ActiveCfg = Debug|Any CPU
		{7C686499-7517-4338-8837-7E8617549D9A}.Debug|Any CPU.Build.0 = Debug|Any CPU
		{7C686499-7517-4338-8837-7E8617549D9A}.Debug|x86.ActiveCfg = Debug|x86
		{7C686499-7517-4338-8837-7E8617549D9A}.Debug|x86.Build.0 = Debug|x86
		{7C686499-7517-4338-8837-7E8617549D9A}.Release|Any CPU.ActiveCfg = Release|Any CPU
		{7C686499-7517-4338-8837-7E8617549D9A}.Release|Any CPU.Build.0 = Release|Any CPU
		{7C686499-7517-4338-8837-7E8617549D9A}.Release|x86.ActiveCfg = Release|x86
		{7C686499-7517-4338-8837-7E8617549D9A}.Release|x86.Build.0 = Release|x86
		{BABC30EB-7D0F-4398-9FCB-E517EA8D2AA9}.Debug|Any CPU.ActiveCfg = Debug|Any CPU
		{BABC30EB-7D0F-4398-9FCB-E517EA8D2AA9}.Debug|Any CPU.Build.0 = Debug|Any CPU
		{BABC30EB-7D0F-4398-9FCB-E517EA8D2AA9}.Debug|x86.ActiveCfg = Debug|x86
		{BABC30EB-7D0F-4398-9FCB-E517EA8D2AA9}.Debug|x86.Build.0 = Debug|x86
		{BABC30EB-7D0F-4398-9FCB-E517EA8D2AA9}.Release|Any CPU.ActiveCfg = Release|Any CPU
		{BABC30EB-7D0F-4398-9FCB-E517EA8D2AA9}.Release|Any CPU.Build.0 = Release|Any CPU
		{BABC30EB-7D0F-4398-9FCB-E517EA8D2AA9}.Release|x86.ActiveCfg = Release|x86
		{BABC30EB-7D0F-4398-9FCB-E517EA8D2AA9}.Release|x86.Build.0 = Release|x86
		{99B5CA78-3E0B-477F-A7D3-EE1B65E85DE4}.Debug|Any CPU.ActiveCfg = Debug|Any CPU
		{99B5CA78-3E0B-477F-A7D3-EE1B65E85DE4}.Debug|Any CPU.Build.0 = Debug|Any CPU
		{99B5CA78-3E0B-477F-A7D3-EE1B65E85DE4}.Debug|x86.ActiveCfg = Debug|x86
		{99B5CA78-3E0B-477F-A7D3-EE1B65E85DE4}.Debug|x86.Build.0 = Debug|x86
		{99B5CA78-3E0B-477F-A7D3-EE1B65E85DE4}.Release|Any CPU.ActiveCfg = Release|Any CPU
		{99B5CA78-3E0B-477F-A7D3-EE1B65E85DE4}.Release|Any CPU.Build.0 = Release|Any CPU
		{99B5CA78-3E0B-477F-A7D3-EE1B65E85DE4}.Release|x86.ActiveCfg = Release|x86
		{99B5CA78-3E0B-477F-A7D3-EE1B65E85DE4}.Release|x86.Build.0 = Release|x86
		{4CBA81F9-F0C2-4242-8D72-204597285042}.Debug|Any CPU.ActiveCfg = Debug|Any CPU
		{4CBA81F9-F0C2-4242-8D72-204597285042}.Debug|Any CPU.Build.0 = Debug|Any CPU
		{4CBA81F9-F0C2-4242-8D72-204597285042}.Debug|x86.ActiveCfg = Debug|x86
		{4CBA81F9-F0C2-4242-8D72-204597285042}.Debug|x86.Build.0 = Debug|x86
		{4CBA81F9-F0C2-4242-8D72-204597285042}.Release|Any CPU.ActiveCfg = Release|Any CPU
		{4CBA81F9-F0C2-4242-8D72-204597285042}.Release|Any CPU.Build.0 = Release|Any CPU
		{4CBA81F9-F0C2-4242-8D72-204597285042}.Release|x86.ActiveCfg = Release|x86
		{4CBA81F9-F0C2-4242-8D72-204597285042}.Release|x86.Build.0 = Release|x86
		{2B9C6BE9-98D0-4D69-B041-57EE5D2DFB97}.Debug|Any CPU.ActiveCfg = Debug|Any CPU
		{2B9C6BE9-98D0-4D69-B041-57EE5D2DFB97}.Debug|Any CPU.Build.0 = Debug|Any CPU
		{2B9C6BE9-98D0-4D69-B041-57EE5D2DFB97}.Debug|x86.ActiveCfg = Debug|x86
		{2B9C6BE9-98D0-4D69-B041-57EE5D2DFB97}.Debug|x86.Build.0 = Debug|x86
		{2B9C6BE9-98D0-4D69-B041-57EE5D2DFB97}.Release|Any CPU.ActiveCfg = Release|Any CPU
		{2B9C6BE9-98D0-4D69-B041-57EE5D2DFB97}.Release|Any CPU.Build.0 = Release|Any CPU
		{2B9C6BE9-98D0-4D69-B041-57EE5D2DFB97}.Release|x86.ActiveCfg = Release|x86
		{2B9C6BE9-98D0-4D69-B041-57EE5D2DFB97}.Release|x86.Build.0 = Release|x86
		{907DCA39-A5E0-4EFA-B1F6-5FBE2C1BCD25}.Debug|Any CPU.ActiveCfg = Debug|Any CPU
		{907DCA39-A5E0-4EFA-B1F6-5FBE2C1BCD25}.Debug|Any CPU.Build.0 = Debug|Any CPU
		{907DCA39-A5E0-4EFA-B1F6-5FBE2C1BCD25}.Debug|x86.ActiveCfg = Debug|x86
		{907DCA39-A5E0-4EFA-B1F6-5FBE2C1BCD25}.Debug|x86.Build.0 = Debug|x86
		{907DCA39-A5E0-4EFA-B1F6-5FBE2C1BCD25}.Release|Any CPU.ActiveCfg = Release|Any CPU
		{907DCA39-A5E0-4EFA-B1F6-5FBE2C1BCD25}.Release|Any CPU.Build.0 = Release|Any CPU
		{907DCA39-A5E0-4EFA-B1F6-5FBE2C1BCD25}.Release|x86.ActiveCfg = Release|x86
		{907DCA39-A5E0-4EFA-B1F6-5FBE2C1BCD25}.Release|x86.Build.0 = Release|x86
		{883913F6-F4A7-4DE2-846A-C2102FAF499E}.Debug|Any CPU.ActiveCfg = Debug|Any CPU
		{883913F6-F4A7-4DE2-846A-C2102FAF499E}.Debug|Any CPU.Build.0 = Debug|Any CPU
		{883913F6-F4A7-4DE2-846A-C2102FAF499E}.Debug|x86.ActiveCfg = Debug|x86
		{883913F6-F4A7-4DE2-846A-C2102FAF499E}.Debug|x86.Build.0 = Debug|x86
		{883913F6-F4A7-4DE2-846A-C2102FAF499E}.Release|Any CPU.ActiveCfg = Release|Any CPU
		{883913F6-F4A7-4DE2-846A-C2102FAF499E}.Release|Any CPU.Build.0 = Release|Any CPU
		{883913F6-F4A7-4DE2-846A-C2102FAF499E}.Release|x86.ActiveCfg = Release|x86
		{883913F6-F4A7-4DE2-846A-C2102FAF499E}.Release|x86.Build.0 = Release|x86
		{253FFB14-AB8E-49AB-A005-A42428C3F452}.Debug|Any CPU.ActiveCfg = Debug|Any CPU
		{253FFB14-AB8E-49AB-A005-A42428C3F452}.Debug|Any CPU.Build.0 = Debug|Any CPU
		{253FFB14-AB8E-49AB-A005-A42428C3F452}.Debug|x86.ActiveCfg = Debug|x86
		{253FFB14-AB8E-49AB-A005-A42428C3F452}.Debug|x86.Build.0 = Debug|x86
		{253FFB14-AB8E-49AB-A005-A42428C3F452}.Release|Any CPU.ActiveCfg = Release|Any CPU
		{253FFB14-AB8E-49AB-A005-A42428C3F452}.Release|Any CPU.Build.0 = Release|Any CPU
		{253FFB14-AB8E-49AB-A005-A42428C3F452}.Release|x86.ActiveCfg = Release|x86
		{253FFB14-AB8E-49AB-A005-A42428C3F452}.Release|x86.Build.0 = Release|x86
		{9FDD649E-0502-4FED-9AC1-AA0346394375}.Debug|Any CPU.ActiveCfg = Debug|Any CPU
		{9FDD649E-0502-4FED-9AC1-AA0346394375}.Debug|Any CPU.Build.0 = Debug|Any CPU
		{9FDD649E-0502-4FED-9AC1-AA0346394375}.Debug|x86.ActiveCfg = Debug|x86
		{9FDD649E-0502-4FED-9AC1-AA0346394375}.Debug|x86.Build.0 = Debug|x86
		{9FDD649E-0502-4FED-9AC1-AA0346394375}.Release|Any CPU.ActiveCfg = Release|Any CPU
		{9FDD649E-0502-4FED-9AC1-AA0346394375}.Release|Any CPU.Build.0 = Release|Any CPU
		{9FDD649E-0502-4FED-9AC1-AA0346394375}.Release|x86.ActiveCfg = Release|x86
		{9FDD649E-0502-4FED-9AC1-AA0346394375}.Release|x86.Build.0 = Release|x86
		{CA15769C-232E-4CA7-94FD-206A06CA3ABB}.Debug|Any CPU.ActiveCfg = Debug|Any CPU
		{CA15769C-232E-4CA7-94FD-206A06CA3ABB}.Debug|Any CPU.Build.0 = Debug|Any CPU
		{CA15769C-232E-4CA7-94FD-206A06CA3ABB}.Debug|x86.ActiveCfg = Debug|x86
		{CA15769C-232E-4CA7-94FD-206A06CA3ABB}.Debug|x86.Build.0 = Debug|x86
		{CA15769C-232E-4CA7-94FD-206A06CA3ABB}.Release|Any CPU.ActiveCfg = Release|Any CPU
		{CA15769C-232E-4CA7-94FD-206A06CA3ABB}.Release|Any CPU.Build.0 = Release|Any CPU
		{CA15769C-232E-4CA7-94FD-206A06CA3ABB}.Release|x86.ActiveCfg = Release|x86
		{CA15769C-232E-4CA7-94FD-206A06CA3ABB}.Release|x86.Build.0 = Release|x86
		{08F57DD7-2C6E-484E-9CC5-835F70C5BC64}.Debug|Any CPU.ActiveCfg = Debug|Any CPU
		{08F57DD7-2C6E-484E-9CC5-835F70C5BC64}.Debug|Any CPU.Build.0 = Debug|Any CPU
		{08F57DD7-2C6E-484E-9CC5-835F70C5BC64}.Debug|x86.ActiveCfg = Debug|x86
		{08F57DD7-2C6E-484E-9CC5-835F70C5BC64}.Debug|x86.Build.0 = Debug|x86
		{08F57DD7-2C6E-484E-9CC5-835F70C5BC64}.Release|Any CPU.ActiveCfg = Release|Any CPU
		{08F57DD7-2C6E-484E-9CC5-835F70C5BC64}.Release|Any CPU.Build.0 = Release|Any CPU
		{08F57DD7-2C6E-484E-9CC5-835F70C5BC64}.Release|x86.ActiveCfg = Release|x86
		{08F57DD7-2C6E-484E-9CC5-835F70C5BC64}.Release|x86.Build.0 = Release|x86
		{D8B3D28F-62CE-4CA7-86CE-B7EAD614A94C}.Debug|Any CPU.ActiveCfg = Debug|Any CPU
		{D8B3D28F-62CE-4CA7-86CE-B7EAD614A94C}.Debug|Any CPU.Build.0 = Debug|Any CPU
		{D8B3D28F-62CE-4CA7-86CE-B7EAD614A94C}.Debug|x86.ActiveCfg = Debug|x86
		{D8B3D28F-62CE-4CA7-86CE-B7EAD614A94C}.Debug|x86.Build.0 = Debug|x86
		{D8B3D28F-62CE-4CA7-86CE-B7EAD614A94C}.Release|Any CPU.ActiveCfg = Release|Any CPU
		{D8B3D28F-62CE-4CA7-86CE-B7EAD614A94C}.Release|Any CPU.Build.0 = Release|Any CPU
		{D8B3D28F-62CE-4CA7-86CE-B7EAD614A94C}.Release|x86.ActiveCfg = Release|x86
		{D8B3D28F-62CE-4CA7-86CE-B7EAD614A94C}.Release|x86.Build.0 = Release|x86
		{0F6576B4-C88E-4E79-B7E9-9480498C5A32}.Debug|Any CPU.ActiveCfg = Debug|x86
		{0F6576B4-C88E-4E79-B7E9-9480498C5A32}.Debug|x86.ActiveCfg = Debug|x86
		{0F6576B4-C88E-4E79-B7E9-9480498C5A32}.Debug|x86.Build.0 = Debug|x86
		{0F6576B4-C88E-4E79-B7E9-9480498C5A32}.Release|Any CPU.ActiveCfg = Release|Any CPU
		{0F6576B4-C88E-4E79-B7E9-9480498C5A32}.Release|x86.ActiveCfg = Release|Any CPU
		{C6B0CF12-01D3-439A-9FB4-DEFD5B32F6FB}.Debug|Any CPU.ActiveCfg = Debug|Any CPU
		{C6B0CF12-01D3-439A-9FB4-DEFD5B32F6FB}.Debug|Any CPU.Build.0 = Debug|Any CPU
		{C6B0CF12-01D3-439A-9FB4-DEFD5B32F6FB}.Debug|x86.ActiveCfg = Debug|x86
		{C6B0CF12-01D3-439A-9FB4-DEFD5B32F6FB}.Debug|x86.Build.0 = Debug|x86
		{C6B0CF12-01D3-439A-9FB4-DEFD5B32F6FB}.Release|Any CPU.ActiveCfg = Release|Any CPU
		{C6B0CF12-01D3-439A-9FB4-DEFD5B32F6FB}.Release|Any CPU.Build.0 = Release|Any CPU
		{C6B0CF12-01D3-439A-9FB4-DEFD5B32F6FB}.Release|x86.ActiveCfg = Release|x86
		{C6B0CF12-01D3-439A-9FB4-DEFD5B32F6FB}.Release|x86.Build.0 = Release|x86
		{54E0E8FA-09C3-4755-B9CE-E7E5DDA3E932}.Debug|Any CPU.ActiveCfg = Debug|Any CPU
		{54E0E8FA-09C3-4755-B9CE-E7E5DDA3E932}.Debug|Any CPU.Build.0 = Debug|Any CPU
		{54E0E8FA-09C3-4755-B9CE-E7E5DDA3E932}.Debug|x86.ActiveCfg = Debug|x86
		{54E0E8FA-09C3-4755-B9CE-E7E5DDA3E932}.Debug|x86.Build.0 = Debug|x86
		{54E0E8FA-09C3-4755-B9CE-E7E5DDA3E932}.Release|Any CPU.ActiveCfg = Release|Any CPU
		{54E0E8FA-09C3-4755-B9CE-E7E5DDA3E932}.Release|Any CPU.Build.0 = Release|Any CPU
		{54E0E8FA-09C3-4755-B9CE-E7E5DDA3E932}.Release|x86.ActiveCfg = Release|x86
		{54E0E8FA-09C3-4755-B9CE-E7E5DDA3E932}.Release|x86.Build.0 = Release|x86
		{BCAFDF45-70DD-46FD-8B98-880DDA585AD2}.Debug|Any CPU.ActiveCfg = Debug|Any CPU
		{BCAFDF45-70DD-46FD-8B98-880DDA585AD2}.Debug|Any CPU.Build.0 = Debug|Any CPU
		{BCAFDF45-70DD-46FD-8B98-880DDA585AD2}.Debug|x86.ActiveCfg = Debug|x86
		{BCAFDF45-70DD-46FD-8B98-880DDA585AD2}.Debug|x86.Build.0 = Debug|x86
		{BCAFDF45-70DD-46FD-8B98-880DDA585AD2}.Release|Any CPU.ActiveCfg = Release|Any CPU
		{BCAFDF45-70DD-46FD-8B98-880DDA585AD2}.Release|Any CPU.Build.0 = Release|Any CPU
		{BCAFDF45-70DD-46FD-8B98-880DDA585AD2}.Release|x86.ActiveCfg = Release|x86
		{BCAFDF45-70DD-46FD-8B98-880DDA585AD2}.Release|x86.Build.0 = Release|x86
		{905131F8-F8AC-4A65-A722-37783902D7B8}.Debug|Any CPU.ActiveCfg = Debug|x86
		{905131F8-F8AC-4A65-A722-37783902D7B8}.Debug|x86.ActiveCfg = Debug|x86
		{905131F8-F8AC-4A65-A722-37783902D7B8}.Debug|x86.Build.0 = Debug|x86
		{905131F8-F8AC-4A65-A722-37783902D7B8}.Release|Any CPU.ActiveCfg = Release|x86
		{905131F8-F8AC-4A65-A722-37783902D7B8}.Release|x86.ActiveCfg = Release|x86
		{905131F8-F8AC-4A65-A722-37783902D7B8}.Release|x86.Build.0 = Release|x86
		{B5E711A2-E6D0-4BEA-B66B-7A8B0BCA6A4D}.Debug|Any CPU.ActiveCfg = Debug|x86
		{B5E711A2-E6D0-4BEA-B66B-7A8B0BCA6A4D}.Debug|x86.ActiveCfg = Debug|x86
		{B5E711A2-E6D0-4BEA-B66B-7A8B0BCA6A4D}.Debug|x86.Build.0 = Debug|x86
		{B5E711A2-E6D0-4BEA-B66B-7A8B0BCA6A4D}.Release|Any CPU.ActiveCfg = Release|x86
		{B5E711A2-E6D0-4BEA-B66B-7A8B0BCA6A4D}.Release|x86.ActiveCfg = Release|x86
		{B5E711A2-E6D0-4BEA-B66B-7A8B0BCA6A4D}.Release|x86.Build.0 = Release|x86
		{EE8F2C22-8BD3-4832-85F0-E6F67ED3AADB}.Debug|Any CPU.ActiveCfg = Debug|x86
		{EE8F2C22-8BD3-4832-85F0-E6F67ED3AADB}.Debug|x86.ActiveCfg = Debug|x86
		{EE8F2C22-8BD3-4832-85F0-E6F67ED3AADB}.Debug|x86.Build.0 = Debug|x86
		{EE8F2C22-8BD3-4832-85F0-E6F67ED3AADB}.Release|Any CPU.ActiveCfg = Release|x86
		{EE8F2C22-8BD3-4832-85F0-E6F67ED3AADB}.Release|x86.ActiveCfg = Release|x86
		{EE8F2C22-8BD3-4832-85F0-E6F67ED3AADB}.Release|x86.Build.0 = Release|x86
		{E6A68244-8C31-44A9-9F85-B4A102B5F209}.Debug|Any CPU.ActiveCfg = Debug|Any CPU
		{E6A68244-8C31-44A9-9F85-B4A102B5F209}.Debug|Any CPU.Build.0 = Debug|Any CPU
		{E6A68244-8C31-44A9-9F85-B4A102B5F209}.Debug|x86.ActiveCfg = Debug|x86
		{E6A68244-8C31-44A9-9F85-B4A102B5F209}.Debug|x86.Build.0 = Debug|x86
		{E6A68244-8C31-44A9-9F85-B4A102B5F209}.Release|Any CPU.ActiveCfg = Release|Any CPU
		{E6A68244-8C31-44A9-9F85-B4A102B5F209}.Release|Any CPU.Build.0 = Release|Any CPU
		{E6A68244-8C31-44A9-9F85-B4A102B5F209}.Release|x86.ActiveCfg = Release|x86
		{E6A68244-8C31-44A9-9F85-B4A102B5F209}.Release|x86.Build.0 = Release|x86
		{0C291BE9-5D15-4097-9119-4FFE19C23113}.Debug|Any CPU.ActiveCfg = Debug|x86
		{0C291BE9-5D15-4097-9119-4FFE19C23113}.Debug|x86.ActiveCfg = Debug|x86
		{0C291BE9-5D15-4097-9119-4FFE19C23113}.Debug|x86.Build.0 = Debug|x86
		{0C291BE9-5D15-4097-9119-4FFE19C23113}.Release|Any CPU.ActiveCfg = Release|x86
		{0C291BE9-5D15-4097-9119-4FFE19C23113}.Release|x86.ActiveCfg = Release|x86
		{0C291BE9-5D15-4097-9119-4FFE19C23113}.Release|x86.Build.0 = Release|x86
		{327F54E5-D1DC-4297-BF2F-4283EB30FFB1}.Debug|Any CPU.ActiveCfg = Debug|x86
		{327F54E5-D1DC-4297-BF2F-4283EB30FFB1}.Debug|x86.ActiveCfg = Debug|x86
		{327F54E5-D1DC-4297-BF2F-4283EB30FFB1}.Debug|x86.Build.0 = Debug|x86
		{327F54E5-D1DC-4297-BF2F-4283EB30FFB1}.Release|Any CPU.ActiveCfg = Release|x86
		{327F54E5-D1DC-4297-BF2F-4283EB30FFB1}.Release|x86.ActiveCfg = Release|x86
		{327F54E5-D1DC-4297-BF2F-4283EB30FFB1}.Release|x86.Build.0 = Release|x86
		{DDB52A4D-A670-411A-8273-8B1707C67028}.Debug|Any CPU.ActiveCfg = Debug|x86
		{DDB52A4D-A670-411A-8273-8B1707C67028}.Debug|x86.ActiveCfg = Debug|x86
		{DDB52A4D-A670-411A-8273-8B1707C67028}.Debug|x86.Build.0 = Debug|x86
		{DDB52A4D-A670-411A-8273-8B1707C67028}.Release|Any CPU.ActiveCfg = Release|x86
		{DDB52A4D-A670-411A-8273-8B1707C67028}.Release|x86.ActiveCfg = Release|x86
		{DDB52A4D-A670-411A-8273-8B1707C67028}.Release|x86.Build.0 = Release|x86
		{B45E87BC-AC5A-4923-A911-79C95DCC5602}.Debug|Any CPU.ActiveCfg = Debug|Any CPU
		{B45E87BC-AC5A-4923-A911-79C95DCC5602}.Debug|Any CPU.Build.0 = Debug|Any CPU
		{B45E87BC-AC5A-4923-A911-79C95DCC5602}.Debug|x86.ActiveCfg = Debug|x86
		{B45E87BC-AC5A-4923-A911-79C95DCC5602}.Debug|x86.Build.0 = Debug|x86
		{B45E87BC-AC5A-4923-A911-79C95DCC5602}.Release|Any CPU.ActiveCfg = Release|Any CPU
		{B45E87BC-AC5A-4923-A911-79C95DCC5602}.Release|Any CPU.Build.0 = Release|Any CPU
		{B45E87BC-AC5A-4923-A911-79C95DCC5602}.Release|x86.ActiveCfg = Release|x86
		{B45E87BC-AC5A-4923-A911-79C95DCC5602}.Release|x86.Build.0 = Release|x86
		{1D4B9ABE-F37D-4C38-9BC5-EDD43F271F4E}.Debug|Any CPU.ActiveCfg = Debug|Any CPU
		{1D4B9ABE-F37D-4C38-9BC5-EDD43F271F4E}.Debug|Any CPU.Build.0 = Debug|Any CPU
		{1D4B9ABE-F37D-4C38-9BC5-EDD43F271F4E}.Debug|x86.ActiveCfg = Debug|x86
		{1D4B9ABE-F37D-4C38-9BC5-EDD43F271F4E}.Debug|x86.Build.0 = Debug|x86
		{1D4B9ABE-F37D-4C38-9BC5-EDD43F271F4E}.Release|Any CPU.ActiveCfg = Release|Any CPU
		{1D4B9ABE-F37D-4C38-9BC5-EDD43F271F4E}.Release|Any CPU.Build.0 = Release|Any CPU
		{1D4B9ABE-F37D-4C38-9BC5-EDD43F271F4E}.Release|x86.ActiveCfg = Release|x86
		{1D4B9ABE-F37D-4C38-9BC5-EDD43F271F4E}.Release|x86.Build.0 = Release|x86
		{8ADDE1CB-2D23-4AB1-88B1-A241C60C16BA}.Debug|Any CPU.ActiveCfg = Debug|Any CPU
		{8ADDE1CB-2D23-4AB1-88B1-A241C60C16BA}.Debug|Any CPU.Build.0 = Debug|Any CPU
		{8ADDE1CB-2D23-4AB1-88B1-A241C60C16BA}.Debug|x86.ActiveCfg = Debug|x86
		{8ADDE1CB-2D23-4AB1-88B1-A241C60C16BA}.Debug|x86.Build.0 = Debug|x86
		{8ADDE1CB-2D23-4AB1-88B1-A241C60C16BA}.Release|Any CPU.ActiveCfg = Release|Any CPU
		{8ADDE1CB-2D23-4AB1-88B1-A241C60C16BA}.Release|Any CPU.Build.0 = Release|Any CPU
		{8ADDE1CB-2D23-4AB1-88B1-A241C60C16BA}.Release|x86.ActiveCfg = Release|x86
		{8ADDE1CB-2D23-4AB1-88B1-A241C60C16BA}.Release|x86.Build.0 = Release|x86
		{DC79E2EC-7D1B-4359-A285-38AC8154166B}.Debug|Any CPU.ActiveCfg = Debug|Any CPU
		{DC79E2EC-7D1B-4359-A285-38AC8154166B}.Debug|Any CPU.Build.0 = Debug|Any CPU
		{DC79E2EC-7D1B-4359-A285-38AC8154166B}.Debug|x86.ActiveCfg = Debug|Any CPU
		{DC79E2EC-7D1B-4359-A285-38AC8154166B}.Release|Any CPU.ActiveCfg = Release|Any CPU
		{DC79E2EC-7D1B-4359-A285-38AC8154166B}.Release|Any CPU.Build.0 = Release|Any CPU
		{DC79E2EC-7D1B-4359-A285-38AC8154166B}.Release|x86.ActiveCfg = Release|x86
		{DC79E2EC-7D1B-4359-A285-38AC8154166B}.Release|x86.Build.0 = Release|x86
	EndGlobalSection
	GlobalSection(SolutionProperties) = preSolution
		HideSolutionNode = FALSE
	EndGlobalSection
	GlobalSection(NestedProjects) = preSolution
		{D2A1F8D6-A9D3-4BFA-913B-8806642BD0DA} = {0C209E91-5AD5-4662-AD0E-976A940D4806}
		{0C894165-4BE8-4CF7-8F92-2B6DF68EB43A} = {0C209E91-5AD5-4662-AD0E-976A940D4806}
		{4CD051F4-F2B5-47B3-8647-F47C2E4DC131} = {0C209E91-5AD5-4662-AD0E-976A940D4806}
		{A8B8B9C6-9E88-486B-AE9C-F2D945ED05A6} = {0C209E91-5AD5-4662-AD0E-976A940D4806}
		{46C08F6B-F3C8-461B-9B6F-3BFD4AAAFD63} = {0C209E91-5AD5-4662-AD0E-976A940D4806}
		{D871AB9A-71B3-4D63-8320-084BAD75064E} = {0C209E91-5AD5-4662-AD0E-976A940D4806}
		{C6B0CF12-01D3-439A-9FB4-DEFD5B32F6FB} = {0C209E91-5AD5-4662-AD0E-976A940D4806}
		{54E0E8FA-09C3-4755-B9CE-E7E5DDA3E932} = {0C209E91-5AD5-4662-AD0E-976A940D4806}
		{905131F8-F8AC-4A65-A722-37783902D7B8} = {0C209E91-5AD5-4662-AD0E-976A940D4806}
		{B5E711A2-E6D0-4BEA-B66B-7A8B0BCA6A4D} = {0C209E91-5AD5-4662-AD0E-976A940D4806}
		{A4023992-CCD6-461E-8E14-219A496734C5} = {0D1620EE-01B9-43B5-9FAA-E983BD9EBDBD}
		{7C686499-7517-4338-8837-7E8617549D9A} = {0D1620EE-01B9-43B5-9FAA-E983BD9EBDBD}
		{BABC30EB-7D0F-4398-9FCB-E517EA8D2AA9} = {0D1620EE-01B9-43B5-9FAA-E983BD9EBDBD}
		{99B5CA78-3E0B-477F-A7D3-EE1B65E85DE4} = {0D1620EE-01B9-43B5-9FAA-E983BD9EBDBD}
		{4CBA81F9-F0C2-4242-8D72-204597285042} = {0D1620EE-01B9-43B5-9FAA-E983BD9EBDBD}
		{2B9C6BE9-98D0-4D69-B041-57EE5D2DFB97} = {0D1620EE-01B9-43B5-9FAA-E983BD9EBDBD}
		{883913F6-F4A7-4DE2-846A-C2102FAF499E} = {0D1620EE-01B9-43B5-9FAA-E983BD9EBDBD}
		{253FFB14-AB8E-49AB-A005-A42428C3F452} = {0D1620EE-01B9-43B5-9FAA-E983BD9EBDBD}
		{9FDD649E-0502-4FED-9AC1-AA0346394375} = {0D1620EE-01B9-43B5-9FAA-E983BD9EBDBD}
		{D8B3D28F-62CE-4CA7-86CE-B7EAD614A94C} = {0D1620EE-01B9-43B5-9FAA-E983BD9EBDBD}
		{0F6576B4-C88E-4E79-B7E9-9480498C5A32} = {0D1620EE-01B9-43B5-9FAA-E983BD9EBDBD}
		{EE8F2C22-8BD3-4832-85F0-E6F67ED3AADB} = {0D1620EE-01B9-43B5-9FAA-E983BD9EBDBD}
		{E6A68244-8C31-44A9-9F85-B4A102B5F209} = {0D1620EE-01B9-43B5-9FAA-E983BD9EBDBD}
		{0C291BE9-5D15-4097-9119-4FFE19C23113} = {0D1620EE-01B9-43B5-9FAA-E983BD9EBDBD}
		{1D4B9ABE-F37D-4C38-9BC5-EDD43F271F4E} = {0D1620EE-01B9-43B5-9FAA-E983BD9EBDBD}
		{E8BEBBCC-1EE0-488D-8806-98ADCB7F0479} = {6C18D808-E5ED-4CFB-A7CD-E2BDBB1D9BDA}
		{7946D42A-4BCB-4D79-80EB-BA9B17CE2E90} = {6C18D808-E5ED-4CFB-A7CD-E2BDBB1D9BDA}
		{CD395FC2-70E2-42C4-8A20-5469A0C5EB50} = {6C18D808-E5ED-4CFB-A7CD-E2BDBB1D9BDA}
		{907DCA39-A5E0-4EFA-B1F6-5FBE2C1BCD25} = {6C18D808-E5ED-4CFB-A7CD-E2BDBB1D9BDA}
		{CA15769C-232E-4CA7-94FD-206A06CA3ABB} = {E757F80C-23C5-4AD6-B178-16799E337E03}
		{08F57DD7-2C6E-484E-9CC5-835F70C5BC64} = {E757F80C-23C5-4AD6-B178-16799E337E03}
		{BCAFDF45-70DD-46FD-8B98-880DDA585AD2} = {E757F80C-23C5-4AD6-B178-16799E337E03}
		{327F54E5-D1DC-4297-BF2F-4283EB30FFB1} = {E757F80C-23C5-4AD6-B178-16799E337E03}
		{DDB52A4D-A670-411A-8273-8B1707C67028} = {E757F80C-23C5-4AD6-B178-16799E337E03}
		{8ADDE1CB-2D23-4AB1-88B1-A241C60C16BA} = {DEE5AAD1-0110-4681-8FF9-662CEA72FD94}
		{DC79E2EC-7D1B-4359-A285-38AC8154166B} = {DEE5AAD1-0110-4681-8FF9-662CEA72FD94}
	EndGlobalSection
EndGlobal
