
Microsoft Visual Studio Solution File, Format Version 12.00
# Visual Studio 2012
Project("{2150E333-8FDC-42A3-9474-1A3956D46DE8}") = "Applications", "Applications", "{0C209E91-5AD5-4662-AD0E-976A940D4806}"
EndProject
Project("{2150E333-8FDC-42A3-9474-1A3956D46DE8}") = "Common", "Common", "{E757F80C-23C5-4AD6-B178-16799E337E03}"
EndProject
Project("{2150E333-8FDC-42A3-9474-1A3956D46DE8}") = "disabled", "disabled", "{EAE43789-D389-4EE3-AAB7-843135F877B0}"
EndProject
Project("{FAE04EC0-301F-11D3-BF4B-00C04F79EFBC}") = "Tray Launcher", "Applications\Tray Launcher\Tray Launcher.csproj", "{0C894165-4BE8-4CF7-8F92-2B6DF68EB43A}"
EndProject
Project("{FAE04EC0-301F-11D3-BF4B-00C04F79EFBC}") = "Virtual Remote", "Applications\Virtual Remote\Virtual Remote.csproj", "{46C08F6B-F3C8-461B-9B6F-3BFD4AAAFD63}"
EndProject
Project("{FAE04EC0-301F-11D3-BF4B-00C04F79EFBC}") = "Virtual Remote Skin Editor", "Applications\Virtual Remote Skin Editor\Virtual Remote Skin Editor.csproj", "{D871AB9A-71B3-4D63-8320-084BAD75064E}"
EndProject
Project("{FAE04EC0-301F-11D3-BF4B-00C04F79EFBC}") = "IrssUtils", "Common\IrssUtils\IrssUtils.csproj", "{CA15769C-232E-4CA7-94FD-206A06CA3ABB}"
EndProject
Project("{FAE04EC0-301F-11D3-BF4B-00C04F79EFBC}") = "IR Blast", "Applications\IR Blast\IR Blast.csproj", "{C6B0CF12-01D3-439A-9FB4-DEFD5B32F6FB}"
EndProject
Project("{FAE04EC0-301F-11D3-BF4B-00C04F79EFBC}") = "IR Blast (No Window)", "Applications\IR Blast (No Window)\IR Blast (No Window).csproj", "{54E0E8FA-09C3-4755-B9CE-E7E5DDA3E932}"
EndProject
Project("{FAE04EC0-301F-11D3-BF4B-00C04F79EFBC}") = "IrssComms", "Common\IrssComms\IrssComms.csproj", "{BCAFDF45-70DD-46FD-8B98-880DDA585AD2}"
EndProject
Project("{FAE04EC0-301F-11D3-BF4B-00C04F79EFBC}") = "Web Remote", "Applications\Web Remote\Web Remote.csproj", "{CCDBA239-8E8E-4F5F-A098-7132EED5F160}"
EndProject
Project("{FAE04EC0-301F-11D3-BF4B-00C04F79EFBC}") = "IR File Tool", "Applications\IR File Tool\IR File Tool.csproj", "{B5E711A2-E6D0-4BEA-B66B-7A8B0BCA6A4D}"
EndProject
Project("{FAE04EC0-301F-11D3-BF4B-00C04F79EFBC}") = "MacroScope", "Applications\MacroScope\MacroScope.csproj", "{2F296C09-627B-4D6E-A041-1601A8C030C7}"
EndProject
Project("{FAE04EC0-301F-11D3-BF4B-00C04F79EFBC}") = "Sage Setup", "Applications\SageSetup\Sage Setup.csproj", "{905131F8-F8AC-4A65-A722-37783902D7B8}"
EndProject
Project("{FAE04EC0-301F-11D3-BF4B-00C04F79EFBC}") = "Dbox Tuner", "Applications\Dbox Tuner\Dbox Tuner.csproj", "{F8CC05AA-6306-459E-BD32-40C02489EFEC}"
EndProject
Project("{FAE04EC0-301F-11D3-BF4B-00C04F79EFBC}") = "Abstractor", "Applications\Abstractor\Abstractor.csproj", "{66F37FF9-0398-4954-812D-065C2D153746}"
EndProject
Project("{FAE04EC0-301F-11D3-BF4B-00C04F79EFBC}") = "HCW PVR Tuner", "Applications\HCW PVR Tuner\HCW PVR Tuner.csproj", "{EDE4F0AC-CA13-4E4F-8466-EF0519B7B0EF}"
EndProject
Project("{FAE04EC0-301F-11D3-BF4B-00C04F79EFBC}") = "Keyboard Input Relay", "Applications\Keyboard Input Relay\Keyboard Input Relay.csproj", "{097F7027-77A1-4623-8D6C-3D2020769EFD}"
EndProject
Project("{FAE04EC0-301F-11D3-BF4B-00C04F79EFBC}") = "LogTimeCodeExtractor", "Applications\LogTimeCodeExtractor\LogTimeCodeExtractor.csproj", "{58BFF250-541B-4AA4-A62D-ACB819AD317B}"
EndProject
Project("{FAE04EC0-301F-11D3-BF4B-00C04F79EFBC}") = "Media Center Blaster", "Applications\Media Center Blaster\Media Center Blaster.csproj", "{349D0A5D-BF1F-4E3E-AF92-5A3D54AD1EB4}"
EndProject
Project("{FAE04EC0-301F-11D3-BF4B-00C04F79EFBC}") = "DebugClient", "Applications\DebugClient\DebugClient.csproj", "{4CD051F4-F2B5-47B3-8647-F47C2E4DC131}"
EndProject
Global
	GlobalSection(SolutionConfigurationPlatforms) = preSolution
		Debug|x86 = Debug|x86
		Release|x86 = Release|x86
	EndGlobalSection
	GlobalSection(ProjectConfigurationPlatforms) = postSolution
		{0C894165-4BE8-4CF7-8F92-2B6DF68EB43A}.Debug|x86.ActiveCfg = Debug|x86
		{0C894165-4BE8-4CF7-8F92-2B6DF68EB43A}.Release|x86.ActiveCfg = Release|x86
		{46C08F6B-F3C8-461B-9B6F-3BFD4AAAFD63}.Debug|x86.ActiveCfg = Debug|x86
		{46C08F6B-F3C8-461B-9B6F-3BFD4AAAFD63}.Debug|x86.Build.0 = Debug|x86
		{46C08F6B-F3C8-461B-9B6F-3BFD4AAAFD63}.Release|x86.ActiveCfg = Release|x86
		{46C08F6B-F3C8-461B-9B6F-3BFD4AAAFD63}.Release|x86.Build.0 = Release|x86
		{D871AB9A-71B3-4D63-8320-084BAD75064E}.Debug|x86.ActiveCfg = Debug|x86
		{D871AB9A-71B3-4D63-8320-084BAD75064E}.Debug|x86.Build.0 = Debug|x86
		{D871AB9A-71B3-4D63-8320-084BAD75064E}.Release|x86.ActiveCfg = Release|x86
		{D871AB9A-71B3-4D63-8320-084BAD75064E}.Release|x86.Build.0 = Release|x86
		{CA15769C-232E-4CA7-94FD-206A06CA3ABB}.Debug|x86.ActiveCfg = Debug|x86
		{CA15769C-232E-4CA7-94FD-206A06CA3ABB}.Debug|x86.Build.0 = Debug|x86
		{CA15769C-232E-4CA7-94FD-206A06CA3ABB}.Release|x86.ActiveCfg = Release|x86
		{CA15769C-232E-4CA7-94FD-206A06CA3ABB}.Release|x86.Build.0 = Release|x86
		{C6B0CF12-01D3-439A-9FB4-DEFD5B32F6FB}.Debug|x86.ActiveCfg = Debug|x86
		{C6B0CF12-01D3-439A-9FB4-DEFD5B32F6FB}.Debug|x86.Build.0 = Debug|x86
		{C6B0CF12-01D3-439A-9FB4-DEFD5B32F6FB}.Release|x86.ActiveCfg = Release|x86
		{C6B0CF12-01D3-439A-9FB4-DEFD5B32F6FB}.Release|x86.Build.0 = Release|x86
		{54E0E8FA-09C3-4755-B9CE-E7E5DDA3E932}.Debug|x86.ActiveCfg = Debug|x86
		{54E0E8FA-09C3-4755-B9CE-E7E5DDA3E932}.Debug|x86.Build.0 = Debug|x86
		{54E0E8FA-09C3-4755-B9CE-E7E5DDA3E932}.Release|x86.ActiveCfg = Release|x86
		{54E0E8FA-09C3-4755-B9CE-E7E5DDA3E932}.Release|x86.Build.0 = Release|x86
		{BCAFDF45-70DD-46FD-8B98-880DDA585AD2}.Debug|x86.ActiveCfg = Debug|x86
		{BCAFDF45-70DD-46FD-8B98-880DDA585AD2}.Debug|x86.Build.0 = Debug|x86
		{BCAFDF45-70DD-46FD-8B98-880DDA585AD2}.Release|x86.ActiveCfg = Release|x86
		{BCAFDF45-70DD-46FD-8B98-880DDA585AD2}.Release|x86.Build.0 = Release|x86
		{CCDBA239-8E8E-4F5F-A098-7132EED5F160}.Debug|x86.ActiveCfg = Debug|x86
		{CCDBA239-8E8E-4F5F-A098-7132EED5F160}.Debug|x86.Build.0 = Debug|x86
		{CCDBA239-8E8E-4F5F-A098-7132EED5F160}.Release|x86.ActiveCfg = Release|x86
		{CCDBA239-8E8E-4F5F-A098-7132EED5F160}.Release|x86.Build.0 = Release|x86
		{B5E711A2-E6D0-4BEA-B66B-7A8B0BCA6A4D}.Debug|x86.ActiveCfg = Debug|x86
		{B5E711A2-E6D0-4BEA-B66B-7A8B0BCA6A4D}.Debug|x86.Build.0 = Debug|x86
		{B5E711A2-E6D0-4BEA-B66B-7A8B0BCA6A4D}.Release|x86.ActiveCfg = Release|x86
		{B5E711A2-E6D0-4BEA-B66B-7A8B0BCA6A4D}.Release|x86.Build.0 = Release|x86
		{2F296C09-627B-4D6E-A041-1601A8C030C7}.Debug|x86.ActiveCfg = Debug|x86
		{2F296C09-627B-4D6E-A041-1601A8C030C7}.Debug|x86.Build.0 = Debug|x86
		{2F296C09-627B-4D6E-A041-1601A8C030C7}.Release|x86.ActiveCfg = Release|x86
		{2F296C09-627B-4D6E-A041-1601A8C030C7}.Release|x86.Build.0 = Release|x86
		{905131F8-F8AC-4A65-A722-37783902D7B8}.Debug|x86.ActiveCfg = Debug|x86
		{905131F8-F8AC-4A65-A722-37783902D7B8}.Debug|x86.Build.0 = Debug|x86
		{905131F8-F8AC-4A65-A722-37783902D7B8}.Release|x86.ActiveCfg = Release|x86
		{905131F8-F8AC-4A65-A722-37783902D7B8}.Release|x86.Build.0 = Release|x86
		{F8CC05AA-6306-459E-BD32-40C02489EFEC}.Debug|x86.ActiveCfg = Debug|x86
		{F8CC05AA-6306-459E-BD32-40C02489EFEC}.Debug|x86.Build.0 = Debug|x86
		{F8CC05AA-6306-459E-BD32-40C02489EFEC}.Release|x86.ActiveCfg = Release|x86
		{F8CC05AA-6306-459E-BD32-40C02489EFEC}.Release|x86.Build.0 = Release|x86
		{66F37FF9-0398-4954-812D-065C2D153746}.Debug|x86.ActiveCfg = Debug|x86
		{66F37FF9-0398-4954-812D-065C2D153746}.Debug|x86.Build.0 = Debug|x86
		{66F37FF9-0398-4954-812D-065C2D153746}.Release|x86.ActiveCfg = Release|x86
		{66F37FF9-0398-4954-812D-065C2D153746}.Release|x86.Build.0 = Release|x86
		{EDE4F0AC-CA13-4E4F-8466-EF0519B7B0EF}.Debug|x86.ActiveCfg = Debug|x86
		{EDE4F0AC-CA13-4E4F-8466-EF0519B7B0EF}.Debug|x86.Build.0 = Debug|x86
		{EDE4F0AC-CA13-4E4F-8466-EF0519B7B0EF}.Release|x86.ActiveCfg = Release|x86
		{EDE4F0AC-CA13-4E4F-8466-EF0519B7B0EF}.Release|x86.Build.0 = Release|x86
		{097F7027-77A1-4623-8D6C-3D2020769EFD}.Debug|x86.ActiveCfg = Debug|x86
		{097F7027-77A1-4623-8D6C-3D2020769EFD}.Debug|x86.Build.0 = Debug|x86
		{097F7027-77A1-4623-8D6C-3D2020769EFD}.Release|x86.ActiveCfg = Release|x86
		{097F7027-77A1-4623-8D6C-3D2020769EFD}.Release|x86.Build.0 = Release|x86
		{58BFF250-541B-4AA4-A62D-ACB819AD317B}.Debug|x86.ActiveCfg = Debug|x86
		{58BFF250-541B-4AA4-A62D-ACB819AD317B}.Debug|x86.Build.0 = Debug|x86
		{58BFF250-541B-4AA4-A62D-ACB819AD317B}.Release|x86.ActiveCfg = Release|x86
		{58BFF250-541B-4AA4-A62D-ACB819AD317B}.Release|x86.Build.0 = Release|x86
		{349D0A5D-BF1F-4E3E-AF92-5A3D54AD1EB4}.Debug|x86.ActiveCfg = Debug|x86
		{349D0A5D-BF1F-4E3E-AF92-5A3D54AD1EB4}.Debug|x86.Build.0 = Debug|x86
		{349D0A5D-BF1F-4E3E-AF92-5A3D54AD1EB4}.Release|x86.ActiveCfg = Release|x86
		{349D0A5D-BF1F-4E3E-AF92-5A3D54AD1EB4}.Release|x86.Build.0 = Release|x86
		{4CD051F4-F2B5-47B3-8647-F47C2E4DC131}.Debug|x86.ActiveCfg = Debug|x86
		{4CD051F4-F2B5-47B3-8647-F47C2E4DC131}.Debug|x86.Build.0 = Debug|x86
		{4CD051F4-F2B5-47B3-8647-F47C2E4DC131}.Release|x86.ActiveCfg = Release|x86
		{4CD051F4-F2B5-47B3-8647-F47C2E4DC131}.Release|x86.Build.0 = Release|x86
	EndGlobalSection
	GlobalSection(SolutionProperties) = preSolution
		HideSolutionNode = FALSE
	EndGlobalSection
	GlobalSection(NestedProjects) = preSolution
		{EAE43789-D389-4EE3-AAB7-843135F877B0} = {0C209E91-5AD5-4662-AD0E-976A940D4806}
		{46C08F6B-F3C8-461B-9B6F-3BFD4AAAFD63} = {0C209E91-5AD5-4662-AD0E-976A940D4806}
		{D871AB9A-71B3-4D63-8320-084BAD75064E} = {0C209E91-5AD5-4662-AD0E-976A940D4806}
		{C6B0CF12-01D3-439A-9FB4-DEFD5B32F6FB} = {0C209E91-5AD5-4662-AD0E-976A940D4806}
		{54E0E8FA-09C3-4755-B9CE-E7E5DDA3E932} = {0C209E91-5AD5-4662-AD0E-976A940D4806}
		{CCDBA239-8E8E-4F5F-A098-7132EED5F160} = {0C209E91-5AD5-4662-AD0E-976A940D4806}
		{B5E711A2-E6D0-4BEA-B66B-7A8B0BCA6A4D} = {0C209E91-5AD5-4662-AD0E-976A940D4806}
		{2F296C09-627B-4D6E-A041-1601A8C030C7} = {0C209E91-5AD5-4662-AD0E-976A940D4806}
		{905131F8-F8AC-4A65-A722-37783902D7B8} = {0C209E91-5AD5-4662-AD0E-976A940D4806}
		{F8CC05AA-6306-459E-BD32-40C02489EFEC} = {0C209E91-5AD5-4662-AD0E-976A940D4806}
		{66F37FF9-0398-4954-812D-065C2D153746} = {0C209E91-5AD5-4662-AD0E-976A940D4806}
		{EDE4F0AC-CA13-4E4F-8466-EF0519B7B0EF} = {0C209E91-5AD5-4662-AD0E-976A940D4806}
		{097F7027-77A1-4623-8D6C-3D2020769EFD} = {0C209E91-5AD5-4662-AD0E-976A940D4806}
		{58BFF250-541B-4AA4-A62D-ACB819AD317B} = {0C209E91-5AD5-4662-AD0E-976A940D4806}
		{349D0A5D-BF1F-4E3E-AF92-5A3D54AD1EB4} = {0C209E91-5AD5-4662-AD0E-976A940D4806}
		{4CD051F4-F2B5-47B3-8647-F47C2E4DC131} = {0C209E91-5AD5-4662-AD0E-976A940D4806}
		{CA15769C-232E-4CA7-94FD-206A06CA3ABB} = {E757F80C-23C5-4AD6-B178-16799E337E03}
		{BCAFDF45-70DD-46FD-8B98-880DDA585AD2} = {E757F80C-23C5-4AD6-B178-16799E337E03}
		{0C894165-4BE8-4CF7-8F92-2B6DF68EB43A} = {EAE43789-D389-4EE3-AAB7-843135F877B0}
	EndGlobalSection
	GlobalSection(ExtensibilityGlobals) = postSolution
		VisualSVNWorkingCopyRoot = ..
	EndGlobalSection
EndGlobal
