
Microsoft Visual Studio Solution File, Format Version 12.00
# Visual Studio 2012
Project("{2150E333-8FDC-42A3-9474-1A3956D46DE8}") = "Applications", "Applications", "{0C209E91-5AD5-4662-AD0E-976A940D4806}"
EndProject
Project("{2150E333-8FDC-42A3-9474-1A3956D46DE8}") = "Common", "Common", "{E757F80C-23C5-4AD6-B178-16799E337E03}"
EndProject
Project("{FAE04EC0-301F-11D3-BF4B-00C04F79EFBC}") = "Virtual Remote", "Applications\Virtual Remote\Virtual Remote.csproj", "{46C08F6B-F3C8-461B-9B6F-3BFD4AAAFD63}"
EndProject
Project("{FAE04EC0-301F-11D3-BF4B-00C04F79EFBC}") = "Virtual Remote Skin Editor", "Applications\Virtual Remote Skin Editor\Virtual Remote Skin Editor.csproj", "{D871AB9A-71B3-4D63-8320-084BAD75064E}"
EndProject
Project("{FAE04EC0-301F-11D3-BF4B-00C04F79EFBC}") = "IrssUtils", "Common\IrssUtils\IrssUtils.csproj", "{CA15769C-232E-4CA7-94FD-206A06CA3ABB}"
EndProject
Project("{FAE04EC0-301F-11D3-BF4B-00C04F79EFBC}") = "IR Blast", "Applications\IR Blast\IR Blast.csproj", "{C6B0CF12-01D3-439A-9FB4-DEFD5B32F6FB}"
EndProject
Project("{FAE04EC0-301F-11D3-BF4B-00C04F79EFBC}") = "IR Blast (No Window)", "Applications\IR Blast (No Window)\IR Blast (No Window).csproj", "{54E0E8FA-09C3-4755-B9CE-E7E5DDA3E932}"
EndProject
Project("{FAE04EC0-301F-11D3-BF4B-00C04F79EFBC}") = "IrssComms", "Common\IrssComms\IrssComms.csproj", "{BCAFDF45-70DD-46FD-8B98-880DDA585AD2}"
EndProject
Project("{FAE04EC0-301F-11D3-BF4B-00C04F79EFBC}") = "IR File Tool", "Applications\IR File Tool\IR File Tool.csproj", "{B5E711A2-E6D0-4BEA-B66B-7A8B0BCA6A4D}"
EndProject
Project("{FAE04EC0-301F-11D3-BF4B-00C04F79EFBC}") = "Dbox Tuner", "Applications\Dbox Tuner\Dbox Tuner.csproj", "{F8CC05AA-6306-459E-BD32-40C02489EFEC}"
EndProject
Project("{FAE04EC0-301F-11D3-BF4B-00C04F79EFBC}") = "Abstractor", "Applications\Abstractor\Abstractor.csproj", "{66F37FF9-0398-4954-812D-065C2D153746}"
EndProject
Project("{FAE04EC0-301F-11D3-BF4B-00C04F79EFBC}") = "HCW PVR Tuner", "Applications\HCW PVR Tuner\HCW PVR Tuner.csproj", "{EDE4F0AC-CA13-4E4F-8466-EF0519B7B0EF}"
EndProject
Project("{FAE04EC0-301F-11D3-BF4B-00C04F79EFBC}") = "Keyboard Input Relay", "Applications\Keyboard Input Relay\Keyboard Input Relay.csproj", "{097F7027-77A1-4623-8D6C-3D2020769EFD}"
EndProject
Project("{FAE04EC0-301F-11D3-BF4B-00C04F79EFBC}") = "Debug Client", "Applications\Debug Client\Debug Client.csproj", "{4CD051F4-F2B5-47B3-8647-F47C2E4DC131}"
EndProject
Project("{FAE04EC0-301F-11D3-BF4B-00C04F79EFBC}") = "IrssCommands", "Common\IrssCommands\IrssCommands.csproj", "{49CF376E-811C-4EB4-817F-A39C9529B608}"
EndProject
Project("{FAE04EC0-301F-11D3-BF4B-00C04F79EFBC}") = "Translator", "Applications\Translator\Translator.csproj", "{A8B8B9C6-9E88-486B-AE9C-F2D945ED05A6}"
EndProject
Project("{2150E333-8FDC-42A3-9474-1A3956D46DE8}") = "Commands", "Commands", "{DD3BFD42-C112-4657-9E51-5F8FC8EC1EE0}"
EndProject
Project("{FAE04EC0-301F-11D3-BF4B-00C04F79EFBC}") = "GeneralCommands", "Commands\GeneralCommands\GeneralCommands.csproj", "{D1BAC7A9-FFB6-44BA-825F-32506831DC3D}"
EndProject
Project("{FAE04EC0-301F-11D3-BF4B-00C04F79EFBC}") = "TranslatorCommands", "Commands\TranslatorCommands\TranslatorCommands.csproj", "{347C22FC-8CD9-4D53-9069-44208EB7BBA1}"
EndProject
Global
	GlobalSection(SolutionConfigurationPlatforms) = preSolution
		Debug|x86 = Debug|x86
		Release|x86 = Release|x86
	EndGlobalSection
	GlobalSection(ProjectConfigurationPlatforms) = postSolution
		{46C08F6B-F3C8-461B-9B6F-3BFD4AAAFD63}.Debug|x86.ActiveCfg = Debug|x86
		{46C08F6B-F3C8-461B-9B6F-3BFD4AAAFD63}.Debug|x86.Build.0 = Debug|x86
		{46C08F6B-F3C8-461B-9B6F-3BFD4AAAFD63}.Release|x86.ActiveCfg = Release|x86
		{46C08F6B-F3C8-461B-9B6F-3BFD4AAAFD63}.Release|x86.Build.0 = Release|x86
		{D871AB9A-71B3-4D63-8320-084BAD75064E}.Debug|x86.ActiveCfg = Debug|x86
		{D871AB9A-71B3-4D63-8320-084BAD75064E}.Debug|x86.Build.0 = Debug|x86
		{D871AB9A-71B3-4D63-8320-084BAD75064E}.Release|x86.ActiveCfg = Release|x86
		{D871AB9A-71B3-4D63-8320-084BAD75064E}.Release|x86.Build.0 = Release|x86
		{CA15769C-232E-4CA7-94FD-206A06CA3ABB}.Debug|x86.ActiveCfg = Debug|x86
		{CA15769C-232E-4CA7-94FD-206A06CA3ABB}.Debug|x86.Build.0 = Debug|x86
		{CA15769C-232E-4CA7-94FD-206A06CA3ABB}.Release|x86.ActiveCfg = Release|x86
		{CA15769C-232E-4CA7-94FD-206A06CA3ABB}.Release|x86.Build.0 = Release|x86
		{C6B0CF12-01D3-439A-9FB4-DEFD5B32F6FB}.Debug|x86.ActiveCfg = Debug|x86
		{C6B0CF12-01D3-439A-9FB4-DEFD5B32F6FB}.Debug|x86.Build.0 = Debug|x86
		{C6B0CF12-01D3-439A-9FB4-DEFD5B32F6FB}.Release|x86.ActiveCfg = Release|x86
		{C6B0CF12-01D3-439A-9FB4-DEFD5B32F6FB}.Release|x86.Build.0 = Release|x86
		{54E0E8FA-09C3-4755-B9CE-E7E5DDA3E932}.Debug|x86.ActiveCfg = Debug|x86
		{54E0E8FA-09C3-4755-B9CE-E7E5DDA3E932}.Debug|x86.Build.0 = Debug|x86
		{54E0E8FA-09C3-4755-B9CE-E7E5DDA3E932}.Release|x86.ActiveCfg = Release|x86
		{54E0E8FA-09C3-4755-B9CE-E7E5DDA3E932}.Release|x86.Build.0 = Release|x86
		{BCAFDF45-70DD-46FD-8B98-880DDA585AD2}.Debug|x86.ActiveCfg = Debug|x86
		{BCAFDF45-70DD-46FD-8B98-880DDA585AD2}.Debug|x86.Build.0 = Debug|x86
		{BCAFDF45-70DD-46FD-8B98-880DDA585AD2}.Release|x86.ActiveCfg = Release|x86
		{BCAFDF45-70DD-46FD-8B98-880DDA585AD2}.Release|x86.Build.0 = Release|x86
		{B5E711A2-E6D0-4BEA-B66B-7A8B0BCA6A4D}.Debug|x86.ActiveCfg = Debug|x86
		{B5E711A2-E6D0-4BEA-B66B-7A8B0BCA6A4D}.Debug|x86.Build.0 = Debug|x86
		{B5E711A2-E6D0-4BEA-B66B-7A8B0BCA6A4D}.Release|x86.ActiveCfg = Release|x86
		{B5E711A2-E6D0-4BEA-B66B-7A8B0BCA6A4D}.Release|x86.Build.0 = Release|x86
		{F8CC05AA-6306-459E-BD32-40C02489EFEC}.Debug|x86.ActiveCfg = Debug|x86
		{F8CC05AA-6306-459E-BD32-40C02489EFEC}.Debug|x86.Build.0 = Debug|x86
		{F8CC05AA-6306-459E-BD32-40C02489EFEC}.Release|x86.ActiveCfg = Release|x86
		{F8CC05AA-6306-459E-BD32-40C02489EFEC}.Release|x86.Build.0 = Release|x86
		{66F37FF9-0398-4954-812D-065C2D153746}.Debug|x86.ActiveCfg = Debug|x86
		{66F37FF9-0398-4954-812D-065C2D153746}.Debug|x86.Build.0 = Debug|x86
		{66F37FF9-0398-4954-812D-065C2D153746}.Release|x86.ActiveCfg = Release|x86
		{66F37FF9-0398-4954-812D-065C2D153746}.Release|x86.Build.0 = Release|x86
		{EDE4F0AC-CA13-4E4F-8466-EF0519B7B0EF}.Debug|x86.ActiveCfg = Debug|x86
		{EDE4F0AC-CA13-4E4F-8466-EF0519B7B0EF}.Debug|x86.Build.0 = Debug|x86
		{EDE4F0AC-CA13-4E4F-8466-EF0519B7B0EF}.Release|x86.ActiveCfg = Release|x86
		{EDE4F0AC-CA13-4E4F-8466-EF0519B7B0EF}.Release|x86.Build.0 = Release|x86
		{097F7027-77A1-4623-8D6C-3D2020769EFD}.Debug|x86.ActiveCfg = Debug|x86
		{097F7027-77A1-4623-8D6C-3D2020769EFD}.Debug|x86.Build.0 = Debug|x86
		{097F7027-77A1-4623-8D6C-3D2020769EFD}.Release|x86.ActiveCfg = Release|x86
		{097F7027-77A1-4623-8D6C-3D2020769EFD}.Release|x86.Build.0 = Release|x86
		{4CD051F4-F2B5-47B3-8647-F47C2E4DC131}.Debug|x86.ActiveCfg = Debug|x86
		{4CD051F4-F2B5-47B3-8647-F47C2E4DC131}.Debug|x86.Build.0 = Debug|x86
		{4CD051F4-F2B5-47B3-8647-F47C2E4DC131}.Release|x86.ActiveCfg = Release|x86
		{4CD051F4-F2B5-47B3-8647-F47C2E4DC131}.Release|x86.Build.0 = Release|x86
		{49CF376E-811C-4EB4-817F-A39C9529B608}.Debug|x86.ActiveCfg = Debug|x86
		{49CF376E-811C-4EB4-817F-A39C9529B608}.Debug|x86.Build.0 = Debug|x86
		{49CF376E-811C-4EB4-817F-A39C9529B608}.Release|x86.ActiveCfg = Release|x86
		{49CF376E-811C-4EB4-817F-A39C9529B608}.Release|x86.Build.0 = Release|x86
		{A8B8B9C6-9E88-486B-AE9C-F2D945ED05A6}.Debug|x86.ActiveCfg = Debug|x86
		{A8B8B9C6-9E88-486B-AE9C-F2D945ED05A6}.Debug|x86.Build.0 = Debug|x86
		{A8B8B9C6-9E88-486B-AE9C-F2D945ED05A6}.Release|x86.ActiveCfg = Release|x86
		{A8B8B9C6-9E88-486B-AE9C-F2D945ED05A6}.Release|x86.Build.0 = Release|x86
		{D1BAC7A9-FFB6-44BA-825F-32506831DC3D}.Debug|x86.ActiveCfg = Debug|x86
		{D1BAC7A9-FFB6-44BA-825F-32506831DC3D}.Debug|x86.Build.0 = Debug|x86
		{D1BAC7A9-FFB6-44BA-825F-32506831DC3D}.Release|x86.ActiveCfg = Release|x86
		{D1BAC7A9-FFB6-44BA-825F-32506831DC3D}.Release|x86.Build.0 = Release|x86
		{347C22FC-8CD9-4D53-9069-44208EB7BBA1}.Debug|x86.ActiveCfg = Debug|x86
		{347C22FC-8CD9-4D53-9069-44208EB7BBA1}.Debug|x86.Build.0 = Debug|x86
		{347C22FC-8CD9-4D53-9069-44208EB7BBA1}.Release|x86.ActiveCfg = Release|x86
		{347C22FC-8CD9-4D53-9069-44208EB7BBA1}.Release|x86.Build.0 = Release|x86
	EndGlobalSection
	GlobalSection(SolutionProperties) = preSolution
		HideSolutionNode = FALSE
	EndGlobalSection
	GlobalSection(NestedProjects) = preSolution
		{46C08F6B-F3C8-461B-9B6F-3BFD4AAAFD63} = {0C209E91-5AD5-4662-AD0E-976A940D4806}
		{D871AB9A-71B3-4D63-8320-084BAD75064E} = {0C209E91-5AD5-4662-AD0E-976A940D4806}
		{C6B0CF12-01D3-439A-9FB4-DEFD5B32F6FB} = {0C209E91-5AD5-4662-AD0E-976A940D4806}
		{54E0E8FA-09C3-4755-B9CE-E7E5DDA3E932} = {0C209E91-5AD5-4662-AD0E-976A940D4806}
		{B5E711A2-E6D0-4BEA-B66B-7A8B0BCA6A4D} = {0C209E91-5AD5-4662-AD0E-976A940D4806}
		{F8CC05AA-6306-459E-BD32-40C02489EFEC} = {0C209E91-5AD5-4662-AD0E-976A940D4806}
		{66F37FF9-0398-4954-812D-065C2D153746} = {0C209E91-5AD5-4662-AD0E-976A940D4806}
		{EDE4F0AC-CA13-4E4F-8466-EF0519B7B0EF} = {0C209E91-5AD5-4662-AD0E-976A940D4806}
		{097F7027-77A1-4623-8D6C-3D2020769EFD} = {0C209E91-5AD5-4662-AD0E-976A940D4806}
		{4CD051F4-F2B5-47B3-8647-F47C2E4DC131} = {0C209E91-5AD5-4662-AD0E-976A940D4806}
		{A8B8B9C6-9E88-486B-AE9C-F2D945ED05A6} = {0C209E91-5AD5-4662-AD0E-976A940D4806}
		{CA15769C-232E-4CA7-94FD-206A06CA3ABB} = {E757F80C-23C5-4AD6-B178-16799E337E03}
		{BCAFDF45-70DD-46FD-8B98-880DDA585AD2} = {E757F80C-23C5-4AD6-B178-16799E337E03}
		{49CF376E-811C-4EB4-817F-A39C9529B608} = {E757F80C-23C5-4AD6-B178-16799E337E03}
		{D1BAC7A9-FFB6-44BA-825F-32506831DC3D} = {DD3BFD42-C112-4657-9E51-5F8FC8EC1EE0}
		{347C22FC-8CD9-4D53-9069-44208EB7BBA1} = {DD3BFD42-C112-4657-9E51-5F8FC8EC1EE0}
	EndGlobalSection
	GlobalSection(ExtensibilityGlobals) = postSolution
		VisualSVNWorkingCopyRoot = ..
	EndGlobalSection
EndGlobal
