
Microsoft Visual Studio Solution File, Format Version 11.00
# Visual Studio 2010
Project("{2150E333-8FDC-42A3-9474-1A3956D46DE8}") = "Applications", "Applications", "{0C209E91-5AD5-4662-AD0E-976A940D4806}"
EndProject
Project("{2150E333-8FDC-42A3-9474-1A3956D46DE8}") = "IR Server Plugins", "IR Server Plugins", "{0D1620EE-01B9-43B5-9FAA-E983BD9EBDBD}"
EndProject
Project("{2150E333-8FDC-42A3-9474-1A3956D46DE8}") = "Common", "Common", "{E757F80C-23C5-4AD6-B178-16799E337E03}"
EndProject
Project("{2150E333-8FDC-42A3-9474-1A3956D46DE8}") = "Input Service", "Input Service", "{DEE5AAD1-0110-4681-8FF9-662CEA72FD94}"
EndProject
Project("{2150E333-8FDC-42A3-9474-1A3956D46DE8}") = "Commands", "Commands", "{F0D3A774-FE5E-4419-B9B6-C11FF1C4BB50}"
EndProject
Project("{2150E333-8FDC-42A3-9474-1A3956D46DE8}") = "disabled", "disabled", "{6AA1F598-03AD-427F-AA58-A0D967D42D4B}"
EndProject
Project("{2150E333-8FDC-42A3-9474-1A3956D46DE8}") = "disabled", "disabled", "{EAE43789-D389-4EE3-AAB7-843135F877B0}"
EndProject
Project("{2150E333-8FDC-42A3-9474-1A3956D46DE8}") = "disabled", "disabled", "{6E178F04-C237-4292-A964-4D3C935EB035}"
EndProject
Project("{FAE04EC0-301F-11D3-BF4B-00C04F79EFBC}") = "Tray Launcher", "Applications\Tray Launcher\Tray Launcher.csproj", "{0C894165-4BE8-4CF7-8F92-2B6DF68EB43A}"
EndProject
Project("{FAE04EC0-301F-11D3-BF4B-00C04F79EFBC}") = "Debug Client", "Applications\Debug Client\Debug Client.csproj", "{4CD051F4-F2B5-47B3-8647-F47C2E4DC131}"
EndProject
Project("{FAE04EC0-301F-11D3-BF4B-00C04F79EFBC}") = "Translator", "Applications\Translator\Translator.csproj", "{A8B8B9C6-9E88-486B-AE9C-F2D945ED05A6}"
EndProject
Project("{FAE04EC0-301F-11D3-BF4B-00C04F79EFBC}") = "Virtual Remote", "Applications\Virtual Remote\Virtual Remote.csproj", "{46C08F6B-F3C8-461B-9B6F-3BFD4AAAFD63}"
EndProject
Project("{FAE04EC0-301F-11D3-BF4B-00C04F79EFBC}") = "Virtual Remote Skin Editor", "Applications\Virtual Remote Skin Editor\Virtual Remote Skin Editor.csproj", "{D871AB9A-71B3-4D63-8320-084BAD75064E}"
EndProject
Project("{FAE04EC0-301F-11D3-BF4B-00C04F79EFBC}") = "IRMan Receiver", "IR Server Plugins\IRMan Receiver\IRMan Receiver.csproj", "{7C686499-7517-4338-8837-7E8617549D9A}"
EndProject
Project("{FAE04EC0-301F-11D3-BF4B-00C04F79EFBC}") = "Microsoft MCE Transceiver", "IR Server Plugins\Microsoft MCE Transceiver\Microsoft MCE Transceiver.csproj", "{BABC30EB-7D0F-4398-9FCB-E517EA8D2AA9}"
EndProject
Project("{FAE04EC0-301F-11D3-BF4B-00C04F79EFBC}") = "USB-UIRT Transceiver", "IR Server Plugins\USB-UIRT Transceiver\USB-UIRT Transceiver.csproj", "{99B5CA78-3E0B-477F-A7D3-EE1B65E85DE4}"
EndProject
Project("{FAE04EC0-301F-11D3-BF4B-00C04F79EFBC}") = "Windows Message Receiver", "IR Server Plugins\Windows Message Receiver\Windows Message Receiver.csproj", "{4CBA81F9-F0C2-4242-8D72-204597285042}"
EndProject
Project("{FAE04EC0-301F-11D3-BF4B-00C04F79EFBC}") = "XBCDRC Receiver", "IR Server Plugins\XBCDRC Receiver\XBCDRC Receiver.csproj", "{2B9C6BE9-98D0-4D69-B041-57EE5D2DFB97}"
EndProject
Project("{FAE04EC0-301F-11D3-BF4B-00C04F79EFBC}") = "IRTrans Transceiver", "IR Server Plugins\IRTrans Transceiver\IRTrans Transceiver.csproj", "{883913F6-F4A7-4DE2-846A-C2102FAF499E}"
EndProject
Project("{FAE04EC0-301F-11D3-BF4B-00C04F79EFBC}") = "X10 Transceiver", "IR Server Plugins\X10 Transceiver\X10 Transceiver.csproj", "{253FFB14-AB8E-49AB-A005-A42428C3F452}"
EndProject
Project("{FAE04EC0-301F-11D3-BF4B-00C04F79EFBC}") = "FusionREMOTE Receiver", "IR Server Plugins\FusionRemote Receiver\FusionREMOTE Receiver.csproj", "{9FDD649E-0502-4FED-9AC1-AA0346394375}"
EndProject
Project("{FAE04EC0-301F-11D3-BF4B-00C04F79EFBC}") = "IrssUtils", "Common\IrssUtils\IrssUtils.csproj", "{CA15769C-232E-4CA7-94FD-206A06CA3ABB}"
EndProject
Project("{FAE04EC0-301F-11D3-BF4B-00C04F79EFBC}") = "IR Server Plugin Interface", "IR Server Plugins\IR Server Plugin Interface\IR Server Plugin Interface.csproj", "{D8B3D28F-62CE-4CA7-86CE-B7EAD614A94C}"
EndProject
Project("{FAE04EC0-301F-11D3-BF4B-00C04F79EFBC}") = "Custom HID Receiver", "IR Server Plugins\Custom HID Receiver\Custom HID Receiver.csproj", "{0F6576B4-C88E-4E79-B7E9-9480498C5A32}"
EndProject
Project("{FAE04EC0-301F-11D3-BF4B-00C04F79EFBC}") = "IR Blast", "Applications\IR Blast\IR Blast.csproj", "{C6B0CF12-01D3-439A-9FB4-DEFD5B32F6FB}"
EndProject
Project("{FAE04EC0-301F-11D3-BF4B-00C04F79EFBC}") = "IR Blast (No Window)", "Applications\IR Blast (No Window)\IR Blast (No Window).csproj", "{54E0E8FA-09C3-4755-B9CE-E7E5DDA3E932}"
EndProject
Project("{FAE04EC0-301F-11D3-BF4B-00C04F79EFBC}") = "IrssComms", "Common\IrssComms\IrssComms.csproj", "{BCAFDF45-70DD-46FD-8B98-880DDA585AD2}"
EndProject
Project("{FAE04EC0-301F-11D3-BF4B-00C04F79EFBC}") = "WinLirc Transceiver", "IR Server Plugins\WinLirc Transceiver\WinLirc Transceiver.csproj", "{E6A68244-8C31-44A9-9F85-B4A102B5F209}"
EndProject
Project("{FAE04EC0-301F-11D3-BF4B-00C04F79EFBC}") = "Girder Plugin", "IR Server Plugins\Girder Plugin\Girder Plugin.csproj", "{0C291BE9-5D15-4097-9119-4FFE19C23113}"
EndProject
Project("{FAE04EC0-301F-11D3-BF4B-00C04F79EFBC}") = "Serial IR Blaster", "IR Server Plugins\Serial IR Blaster\Serial IR Blaster.csproj", "{1D4B9ABE-F37D-4C38-9BC5-EDD43F271F4E}"
EndProject
Project("{FAE04EC0-301F-11D3-BF4B-00C04F79EFBC}") = "IgorPlug Receiver", "IR Server Plugins\IgorPlug Receiver\IgorPlug Receiver.csproj", "{A4023992-CCD6-461E-8E14-219A496734C5}"
EndProject
Project("{FAE04EC0-301F-11D3-BF4B-00C04F79EFBC}") = "RedEye Blaster", "IR Server Plugins\RedEye Blaster\RedEye Blaster.csproj", "{5A9954F8-344C-489C-B8DA-8E8927271A02}"
EndProject
Project("{FAE04EC0-301F-11D3-BF4B-00C04F79EFBC}") = "Web Remote", "Applications\Web Remote\Web Remote.csproj", "{CCDBA239-8E8E-4F5F-A098-7132EED5F160}"
EndProject
Project("{FAE04EC0-301F-11D3-BF4B-00C04F79EFBC}") = "Wii Remote Receiver", "IR Server Plugins\Wii Remote Receiver\Wii Remote Receiver.csproj", "{A50080F4-53D1-41CC-9C5F-500AFDDE9E8B}"
EndProject
Project("{FAE04EC0-301F-11D3-BF4B-00C04F79EFBC}") = "Direct Input Receiver", "IR Server Plugins\Direct Input Receiver\Direct Input Receiver.csproj", "{732CDF64-D047-4D3C-91DA-E2FF27D84179}"
EndProject
Project("{FAE04EC0-301F-11D3-BF4B-00C04F79EFBC}") = "Ads Tech PTV-335 Receiver", "IR Server Plugins\Ads Tech PTV-335 Receiver\Ads Tech PTV-335 Receiver.csproj", "{E146C2D8-6842-46C5-B2A9-AFA9D6F1A3BB}"
EndProject
Project("{FAE04EC0-301F-11D3-BF4B-00C04F79EFBC}") = "Command", "Commands\Command\Command.csproj", "{21E04B17-D850-43E7-AAD3-876C0E062BDB}"
EndProject
Project("{FAE04EC0-301F-11D3-BF4B-00C04F79EFBC}") = "VariableList", "Commands\VariableList\VariableList.csproj", "{106A69D2-670C-4DE5-A81C-A3CD5D3F21EB}"
EndProject
Project("{FAE04EC0-301F-11D3-BF4B-00C04F79EFBC}") = "GeneralCommands", "Commands\GeneralCommands\GeneralCommands.csproj", "{D1BAC7A9-FFB6-44BA-825F-32506831DC3D}"
EndProject
Project("{FAE04EC0-301F-11D3-BF4B-00C04F79EFBC}") = "ShellLink", "Common\ShellLink\ShellLink.csproj", "{28923F6E-8A68-4BC8-A507-825B09C3F64E}"
EndProject
Project("{FAE04EC0-301F-11D3-BF4B-00C04F79EFBC}") = "IR File Tool", "Applications\IR File Tool\IR File Tool.csproj", "{B5E711A2-E6D0-4BEA-B66B-7A8B0BCA6A4D}"
EndProject
Project("{FAE04EC0-301F-11D3-BF4B-00C04F79EFBC}") = "HCW Receiver", "IR Server Plugins\HCW Receiver\HCW Receiver.csproj", "{EE8F2C22-8BD3-4832-85F0-E6F67ED3AADB}"
EndProject
Project("{FAE04EC0-301F-11D3-BF4B-00C04F79EFBC}") = "Speech Receiver", "IR Server Plugins\Speech Receiver\Speech Receiver.csproj", "{3778B6E7-F5A4-40A4-90C4-CD19EBC6B039}"
EndProject
Project("{FAE04EC0-301F-11D3-BF4B-00C04F79EFBC}") = "LiveDrive Receiver", "IR Server Plugins\LiveDrive Receiver\LiveDrive Receiver.csproj", "{ABA2DAF3-B4CF-42BF-8686-DD662B0D6406}"
EndProject
Project("{FAE04EC0-301F-11D3-BF4B-00C04F79EFBC}") = "RC102 Receiver", "IR Server Plugins\RC102 Receiver\RC102 Receiver.csproj", "{A2702ACF-C59E-4564-8A4A-5CBFF21C1E66}"
EndProject
Project("{FAE04EC0-301F-11D3-BF4B-00C04F79EFBC}") = "MacroScope", "Applications\MacroScope\MacroScope.csproj", "{2F296C09-627B-4D6E-A041-1601A8C030C7}"
EndProject
Project("{FAE04EC0-301F-11D3-BF4B-00C04F79EFBC}") = "Sage Setup", "Applications\SageSetup\Sage Setup.csproj", "{905131F8-F8AC-4A65-A722-37783902D7B8}"
EndProject
Project("{FAE04EC0-301F-11D3-BF4B-00C04F79EFBC}") = "Dbox Tuner", "Applications\Dbox Tuner\Dbox Tuner.csproj", "{F8CC05AA-6306-459E-BD32-40C02489EFEC}"
EndProject
Project("{FAE04EC0-301F-11D3-BF4B-00C04F79EFBC}") = "IR501 Receiver", "IR Server Plugins\IR501 Receiver\IR501 Receiver.csproj", "{C7BF555E-638F-4E1B-9D5A-D2D226C77676}"
EndProject
Project("{FAE04EC0-301F-11D3-BF4B-00C04F79EFBC}") = "IR507 Receiver", "IR Server Plugins\IR507 Receiver\IR507 Receiver.csproj", "{1DD4B652-DBF4-47E2-B46C-C810EEE3B7C3}"
EndProject
Project("{FAE04EC0-301F-11D3-BF4B-00C04F79EFBC}") = "CoolCommand Receiver", "IR Server Plugins\CoolCommand Receiver\CoolCommand Receiver.csproj", "{C9DB6BFE-4AA7-43D6-8B5D-3B27A2FA4B1A}"
EndProject
Project("{FAE04EC0-301F-11D3-BF4B-00C04F79EFBC}") = "Abstractor", "Applications\Abstractor\Abstractor.csproj", "{66F37FF9-0398-4954-812D-065C2D153746}"
EndProject
Project("{FAE04EC0-301F-11D3-BF4B-00C04F79EFBC}") = "MacMini Receiver", "IR Server Plugins\MacMini Receiver\MacMini Receiver.csproj", "{FCE5308F-C451-4113-B7F2-BB6212EA7FAD}"
EndProject
Project("{FAE04EC0-301F-11D3-BF4B-00C04F79EFBC}") = "HCW PVR Tuner", "Applications\HCW PVR Tuner\HCW PVR Tuner.csproj", "{EDE4F0AC-CA13-4E4F-8466-EF0519B7B0EF}"
EndProject
Project("{FAE04EC0-301F-11D3-BF4B-00C04F79EFBC}") = "Keyboard Input Relay", "Applications\Keyboard Input Relay\Keyboard Input Relay.csproj", "{097F7027-77A1-4623-8D6C-3D2020769EFD}"
EndProject
Project("{FAE04EC0-301F-11D3-BF4B-00C04F79EFBC}") = "Technotrend Receiver", "IR Server Plugins\Technotrend Receiver\Technotrend Receiver.csproj", "{E83E5C73-5F70-4B52-B6BD-E906BAE90DF6}"
EndProject
Project("{FAE04EC0-301F-11D3-BF4B-00C04F79EFBC}") = "Keyboard Input", "IR Server Plugins\Keyboard Input\Keyboard Input.csproj", "{26DEDF6D-F60D-4311-9A9E-DDF64500D5BF}"
EndProject
Project("{FAE04EC0-301F-11D3-BF4B-00C04F79EFBC}") = "LogTimeCodeExtractor", "Applications\LogTimeCodeExtractor\LogTimeCodeExtractor.csproj", "{58BFF250-541B-4AA4-A62D-ACB819AD317B}"
EndProject
Project("{FAE04EC0-301F-11D3-BF4B-00C04F79EFBC}") = "IrssScheduler", "Common\IrssScheduler\IrssScheduler.csproj", "{28098574-D22E-457C-AFFA-560554499EAC}"
EndProject
Project("{FAE04EC0-301F-11D3-BF4B-00C04F79EFBC}") = "Media Center Blaster", "Applications\Media Center Blaster\Media Center Blaster.csproj", "{349D0A5D-BF1F-4E3E-AF92-5A3D54AD1EB4}"
EndProject
Project("{FAE04EC0-301F-11D3-BF4B-00C04F79EFBC}") = "Imon USB Receivers", "IR Server Plugins\Imon USB Receivers\Imon USB Receivers.csproj", "{EC37743A-64B2-472A-9EB6-CB052AD2B35C}"
EndProject
Project("{FAE04EC0-301F-11D3-BF4B-00C04F79EFBC}") = "Pinnacle Serial Receiver", "IR Server Plugins\Pinnacle Serial Receiver\Pinnacle Serial Receiver.csproj", "{EBFA0F67-1EB6-4282-8475-C397B9852B3F}"
EndProject
Project("{FAE04EC0-301F-11D3-BF4B-00C04F79EFBC}") = "FireDTV Receiver", "IR Server Plugins\FireDTV Receiver\FireDTV Receiver.csproj", "{D88EDBC1-D583-4149-9873-8239FA63F4FE}"
EndProject
Project("{FAE04EC0-301F-11D3-BF4B-00C04F79EFBC}") = "IR Server", "IR Server\IR Server\IR Server.csproj", "{46F1DB42-F082-4200-B939-6E4B72A8117C}"
EndProject
Project("{FAE04EC0-301F-11D3-BF4B-00C04F79EFBC}") = "IR Server Configuration", "IR Server\IR Server Configuration\IR Server Configuration.csproj", "{1E84C2ED-92FC-43A4-9C12-374B3347F6D7}"
EndProject
Project("{FAE04EC0-301F-11D3-BF4B-00C04F79EFBC}") = "IR Server Tray", "IR Server\IR Server Tray\IR Server Tray.csproj", "{5C0DF76E-D1AE-4161-B8D1-843925C8AB58}"
EndProject
Project("{FAE04EC0-301F-11D3-BF4B-00C04F79EFBC}") = "IRServer.Shared", "IR Server\IRServer.Shared\IRServer.Shared.csproj", "{0C6A59C2-B5CC-48EF-A41F-0F1E463D8391}"
EndProject
Project("{FAE04EC0-301F-11D3-BF4B-00C04F79EFBC}") = "TestApp", "Commands\TestApp\TestApp.csproj", "{A86517F4-BBCF-4D56-B0CA-C9E36AFAC550}"
EndProject
Project("{FAE04EC0-301F-11D3-BF4B-00C04F79EFBC}") = "CommandProcessor", "Commands\CommandProcessor\CommandProcessor.csproj", "{49CF376E-811C-4EB4-817F-A39C9529B608}"
EndProject
Project("{FAE04EC0-301F-11D3-BF4B-00C04F79EFBC}") = "Ira Transceiver", "IR Server Plugins\Ira Transceiver\Ira Transceiver.csproj", "{0E045E97-EEB2-461C-A416-CFC8E452E044}"
EndProject
Project("{FAE04EC0-301F-11D3-BF4B-00C04F79EFBC}") = "Tira Transceiver", "IR Server Plugins\Tira Transceiver\Tira Transceiver.csproj", "{6137C390-DDB0-44B0-8ED5-51B45C0D4404}"
EndProject
Project("{FAE04EC0-301F-11D3-BF4B-00C04F79EFBC}") = "Philips MCE USB IR Receiver- Spinel plus", "IR Server Plugins\Philips MCE USB IR Receiver- Spinel plus\Philips MCE USB IR Receiver- Spinel plus.csproj", "{6B56D6E4-8B50-4545-BF2B-FD88738DBEA1}"
EndProject
Global
	GlobalSection(SolutionConfigurationPlatforms) = preSolution
		Debug|x86 = Debug|x86
		Release|x86 = Release|x86
	EndGlobalSection
	GlobalSection(ProjectConfigurationPlatforms) = postSolution
		{0C894165-4BE8-4CF7-8F92-2B6DF68EB43A}.Debug|x86.ActiveCfg = Debug|x86
		{0C894165-4BE8-4CF7-8F92-2B6DF68EB43A}.Release|x86.ActiveCfg = Release|x86
		{4CD051F4-F2B5-47B3-8647-F47C2E4DC131}.Debug|x86.ActiveCfg = Debug|x86
		{4CD051F4-F2B5-47B3-8647-F47C2E4DC131}.Debug|x86.Build.0 = Debug|x86
		{4CD051F4-F2B5-47B3-8647-F47C2E4DC131}.Release|x86.ActiveCfg = Release|x86
		{4CD051F4-F2B5-47B3-8647-F47C2E4DC131}.Release|x86.Build.0 = Release|x86
		{A8B8B9C6-9E88-486B-AE9C-F2D945ED05A6}.Debug|x86.ActiveCfg = Debug|x86
		{A8B8B9C6-9E88-486B-AE9C-F2D945ED05A6}.Debug|x86.Build.0 = Debug|x86
		{A8B8B9C6-9E88-486B-AE9C-F2D945ED05A6}.Release|x86.ActiveCfg = Release|x86
		{A8B8B9C6-9E88-486B-AE9C-F2D945ED05A6}.Release|x86.Build.0 = Release|x86
		{46C08F6B-F3C8-461B-9B6F-3BFD4AAAFD63}.Debug|x86.ActiveCfg = Debug|x86
		{46C08F6B-F3C8-461B-9B6F-3BFD4AAAFD63}.Debug|x86.Build.0 = Debug|x86
		{46C08F6B-F3C8-461B-9B6F-3BFD4AAAFD63}.Release|x86.ActiveCfg = Release|x86
		{46C08F6B-F3C8-461B-9B6F-3BFD4AAAFD63}.Release|x86.Build.0 = Release|x86
		{D871AB9A-71B3-4D63-8320-084BAD75064E}.Debug|x86.ActiveCfg = Debug|x86
		{D871AB9A-71B3-4D63-8320-084BAD75064E}.Debug|x86.Build.0 = Debug|x86
		{D871AB9A-71B3-4D63-8320-084BAD75064E}.Release|x86.ActiveCfg = Release|x86
		{D871AB9A-71B3-4D63-8320-084BAD75064E}.Release|x86.Build.0 = Release|x86
		{7C686499-7517-4338-8837-7E8617549D9A}.Debug|x86.ActiveCfg = Debug|x86
		{7C686499-7517-4338-8837-7E8617549D9A}.Debug|x86.Build.0 = Debug|x86
		{7C686499-7517-4338-8837-7E8617549D9A}.Release|x86.ActiveCfg = Release|x86
		{7C686499-7517-4338-8837-7E8617549D9A}.Release|x86.Build.0 = Release|x86
		{BABC30EB-7D0F-4398-9FCB-E517EA8D2AA9}.Debug|x86.ActiveCfg = Debug|x86
		{BABC30EB-7D0F-4398-9FCB-E517EA8D2AA9}.Debug|x86.Build.0 = Debug|x86
		{BABC30EB-7D0F-4398-9FCB-E517EA8D2AA9}.Release|x86.ActiveCfg = Release|x86
		{BABC30EB-7D0F-4398-9FCB-E517EA8D2AA9}.Release|x86.Build.0 = Release|x86
		{99B5CA78-3E0B-477F-A7D3-EE1B65E85DE4}.Debug|x86.ActiveCfg = Debug|x86
		{99B5CA78-3E0B-477F-A7D3-EE1B65E85DE4}.Debug|x86.Build.0 = Debug|x86
		{99B5CA78-3E0B-477F-A7D3-EE1B65E85DE4}.Release|x86.ActiveCfg = Release|x86
		{99B5CA78-3E0B-477F-A7D3-EE1B65E85DE4}.Release|x86.Build.0 = Release|x86
		{4CBA81F9-F0C2-4242-8D72-204597285042}.Debug|x86.ActiveCfg = Debug|x86
		{4CBA81F9-F0C2-4242-8D72-204597285042}.Debug|x86.Build.0 = Debug|x86
		{4CBA81F9-F0C2-4242-8D72-204597285042}.Release|x86.ActiveCfg = Release|x86
		{4CBA81F9-F0C2-4242-8D72-204597285042}.Release|x86.Build.0 = Release|x86
		{2B9C6BE9-98D0-4D69-B041-57EE5D2DFB97}.Debug|x86.ActiveCfg = Debug|x86
		{2B9C6BE9-98D0-4D69-B041-57EE5D2DFB97}.Debug|x86.Build.0 = Debug|x86
		{2B9C6BE9-98D0-4D69-B041-57EE5D2DFB97}.Release|x86.ActiveCfg = Release|x86
		{2B9C6BE9-98D0-4D69-B041-57EE5D2DFB97}.Release|x86.Build.0 = Release|x86
		{883913F6-F4A7-4DE2-846A-C2102FAF499E}.Debug|x86.ActiveCfg = Debug|x86
		{883913F6-F4A7-4DE2-846A-C2102FAF499E}.Debug|x86.Build.0 = Debug|x86
		{883913F6-F4A7-4DE2-846A-C2102FAF499E}.Release|x86.ActiveCfg = Release|x86
		{883913F6-F4A7-4DE2-846A-C2102FAF499E}.Release|x86.Build.0 = Release|x86
		{253FFB14-AB8E-49AB-A005-A42428C3F452}.Debug|x86.ActiveCfg = Debug|x86
		{253FFB14-AB8E-49AB-A005-A42428C3F452}.Debug|x86.Build.0 = Debug|x86
		{253FFB14-AB8E-49AB-A005-A42428C3F452}.Release|x86.ActiveCfg = Release|x86
		{253FFB14-AB8E-49AB-A005-A42428C3F452}.Release|x86.Build.0 = Release|x86
		{9FDD649E-0502-4FED-9AC1-AA0346394375}.Debug|x86.ActiveCfg = Debug|x86
		{9FDD649E-0502-4FED-9AC1-AA0346394375}.Debug|x86.Build.0 = Debug|x86
		{9FDD649E-0502-4FED-9AC1-AA0346394375}.Release|x86.ActiveCfg = Release|x86
		{9FDD649E-0502-4FED-9AC1-AA0346394375}.Release|x86.Build.0 = Release|x86
		{CA15769C-232E-4CA7-94FD-206A06CA3ABB}.Debug|x86.ActiveCfg = Debug|x86
		{CA15769C-232E-4CA7-94FD-206A06CA3ABB}.Debug|x86.Build.0 = Debug|x86
		{CA15769C-232E-4CA7-94FD-206A06CA3ABB}.Release|x86.ActiveCfg = Release|x86
		{CA15769C-232E-4CA7-94FD-206A06CA3ABB}.Release|x86.Build.0 = Release|x86
		{D8B3D28F-62CE-4CA7-86CE-B7EAD614A94C}.Debug|x86.ActiveCfg = Debug|x86
		{D8B3D28F-62CE-4CA7-86CE-B7EAD614A94C}.Debug|x86.Build.0 = Debug|x86
		{D8B3D28F-62CE-4CA7-86CE-B7EAD614A94C}.Release|x86.ActiveCfg = Release|x86
		{D8B3D28F-62CE-4CA7-86CE-B7EAD614A94C}.Release|x86.Build.0 = Release|x86
		{0F6576B4-C88E-4E79-B7E9-9480498C5A32}.Debug|x86.ActiveCfg = Debug|x86
		{0F6576B4-C88E-4E79-B7E9-9480498C5A32}.Debug|x86.Build.0 = Debug|x86
		{0F6576B4-C88E-4E79-B7E9-9480498C5A32}.Release|x86.ActiveCfg = Release|x86
		{0F6576B4-C88E-4E79-B7E9-9480498C5A32}.Release|x86.Build.0 = Release|x86
		{C6B0CF12-01D3-439A-9FB4-DEFD5B32F6FB}.Debug|x86.ActiveCfg = Debug|x86
		{C6B0CF12-01D3-439A-9FB4-DEFD5B32F6FB}.Debug|x86.Build.0 = Debug|x86
		{C6B0CF12-01D3-439A-9FB4-DEFD5B32F6FB}.Release|x86.ActiveCfg = Release|x86
		{C6B0CF12-01D3-439A-9FB4-DEFD5B32F6FB}.Release|x86.Build.0 = Release|x86
		{54E0E8FA-09C3-4755-B9CE-E7E5DDA3E932}.Debug|x86.ActiveCfg = Debug|x86
		{54E0E8FA-09C3-4755-B9CE-E7E5DDA3E932}.Debug|x86.Build.0 = Debug|x86
		{54E0E8FA-09C3-4755-B9CE-E7E5DDA3E932}.Release|x86.ActiveCfg = Release|x86
		{54E0E8FA-09C3-4755-B9CE-E7E5DDA3E932}.Release|x86.Build.0 = Release|x86
		{BCAFDF45-70DD-46FD-8B98-880DDA585AD2}.Debug|x86.ActiveCfg = Debug|x86
		{BCAFDF45-70DD-46FD-8B98-880DDA585AD2}.Debug|x86.Build.0 = Debug|x86
		{BCAFDF45-70DD-46FD-8B98-880DDA585AD2}.Release|x86.ActiveCfg = Release|x86
		{BCAFDF45-70DD-46FD-8B98-880DDA585AD2}.Release|x86.Build.0 = Release|x86
		{E6A68244-8C31-44A9-9F85-B4A102B5F209}.Debug|x86.ActiveCfg = Debug|x86
		{E6A68244-8C31-44A9-9F85-B4A102B5F209}.Debug|x86.Build.0 = Debug|x86
		{E6A68244-8C31-44A9-9F85-B4A102B5F209}.Release|x86.ActiveCfg = Release|x86
		{E6A68244-8C31-44A9-9F85-B4A102B5F209}.Release|x86.Build.0 = Release|x86
		{0C291BE9-5D15-4097-9119-4FFE19C23113}.Debug|x86.ActiveCfg = Debug|x86
		{0C291BE9-5D15-4097-9119-4FFE19C23113}.Debug|x86.Build.0 = Debug|x86
		{0C291BE9-5D15-4097-9119-4FFE19C23113}.Release|x86.ActiveCfg = Release|x86
		{0C291BE9-5D15-4097-9119-4FFE19C23113}.Release|x86.Build.0 = Release|x86
		{1D4B9ABE-F37D-4C38-9BC5-EDD43F271F4E}.Debug|x86.ActiveCfg = Debug|x86
		{1D4B9ABE-F37D-4C38-9BC5-EDD43F271F4E}.Debug|x86.Build.0 = Debug|x86
		{1D4B9ABE-F37D-4C38-9BC5-EDD43F271F4E}.Release|x86.ActiveCfg = Release|x86
		{1D4B9ABE-F37D-4C38-9BC5-EDD43F271F4E}.Release|x86.Build.0 = Release|x86
		{A4023992-CCD6-461E-8E14-219A496734C5}.Debug|x86.ActiveCfg = Debug|x86
		{A4023992-CCD6-461E-8E14-219A496734C5}.Debug|x86.Build.0 = Debug|x86
		{A4023992-CCD6-461E-8E14-219A496734C5}.Release|x86.ActiveCfg = Release|x86
		{A4023992-CCD6-461E-8E14-219A496734C5}.Release|x86.Build.0 = Release|x86
		{5A9954F8-344C-489C-B8DA-8E8927271A02}.Debug|x86.ActiveCfg = Debug|x86
		{5A9954F8-344C-489C-B8DA-8E8927271A02}.Debug|x86.Build.0 = Debug|x86
		{5A9954F8-344C-489C-B8DA-8E8927271A02}.Release|x86.ActiveCfg = Release|x86
		{5A9954F8-344C-489C-B8DA-8E8927271A02}.Release|x86.Build.0 = Release|x86
		{CCDBA239-8E8E-4F5F-A098-7132EED5F160}.Debug|x86.ActiveCfg = Debug|x86
		{CCDBA239-8E8E-4F5F-A098-7132EED5F160}.Debug|x86.Build.0 = Debug|x86
		{CCDBA239-8E8E-4F5F-A098-7132EED5F160}.Release|x86.ActiveCfg = Release|x86
		{CCDBA239-8E8E-4F5F-A098-7132EED5F160}.Release|x86.Build.0 = Release|x86
		{A50080F4-53D1-41CC-9C5F-500AFDDE9E8B}.Debug|x86.ActiveCfg = Debug|x86
		{A50080F4-53D1-41CC-9C5F-500AFDDE9E8B}.Debug|x86.Build.0 = Debug|x86
		{A50080F4-53D1-41CC-9C5F-500AFDDE9E8B}.Release|x86.ActiveCfg = Release|x86
		{A50080F4-53D1-41CC-9C5F-500AFDDE9E8B}.Release|x86.Build.0 = Release|x86
		{732CDF64-D047-4D3C-91DA-E2FF27D84179}.Debug|x86.ActiveCfg = Debug|x86
		{732CDF64-D047-4D3C-91DA-E2FF27D84179}.Debug|x86.Build.0 = Debug|x86
		{732CDF64-D047-4D3C-91DA-E2FF27D84179}.Release|x86.ActiveCfg = Release|x86
		{732CDF64-D047-4D3C-91DA-E2FF27D84179}.Release|x86.Build.0 = Release|x86
		{E146C2D8-6842-46C5-B2A9-AFA9D6F1A3BB}.Debug|x86.ActiveCfg = Debug|x86
		{E146C2D8-6842-46C5-B2A9-AFA9D6F1A3BB}.Debug|x86.Build.0 = Debug|x86
		{E146C2D8-6842-46C5-B2A9-AFA9D6F1A3BB}.Release|x86.ActiveCfg = Release|x86
		{E146C2D8-6842-46C5-B2A9-AFA9D6F1A3BB}.Release|x86.Build.0 = Release|x86
		{21E04B17-D850-43E7-AAD3-876C0E062BDB}.Debug|x86.ActiveCfg = Debug|x86
		{21E04B17-D850-43E7-AAD3-876C0E062BDB}.Debug|x86.Build.0 = Debug|x86
		{21E04B17-D850-43E7-AAD3-876C0E062BDB}.Release|x86.ActiveCfg = Release|x86
		{21E04B17-D850-43E7-AAD3-876C0E062BDB}.Release|x86.Build.0 = Release|x86
		{106A69D2-670C-4DE5-A81C-A3CD5D3F21EB}.Debug|x86.ActiveCfg = Debug|x86
		{106A69D2-670C-4DE5-A81C-A3CD5D3F21EB}.Debug|x86.Build.0 = Debug|x86
		{106A69D2-670C-4DE5-A81C-A3CD5D3F21EB}.Release|x86.ActiveCfg = Release|x86
		{106A69D2-670C-4DE5-A81C-A3CD5D3F21EB}.Release|x86.Build.0 = Release|x86
		{D1BAC7A9-FFB6-44BA-825F-32506831DC3D}.Debug|x86.ActiveCfg = Debug|x86
		{D1BAC7A9-FFB6-44BA-825F-32506831DC3D}.Debug|x86.Build.0 = Debug|x86
		{D1BAC7A9-FFB6-44BA-825F-32506831DC3D}.Release|x86.ActiveCfg = Release|x86
		{D1BAC7A9-FFB6-44BA-825F-32506831DC3D}.Release|x86.Build.0 = Release|x86
		{28923F6E-8A68-4BC8-A507-825B09C3F64E}.Debug|x86.ActiveCfg = Debug|x86
		{28923F6E-8A68-4BC8-A507-825B09C3F64E}.Debug|x86.Build.0 = Debug|x86
		{28923F6E-8A68-4BC8-A507-825B09C3F64E}.Release|x86.ActiveCfg = Release|x86
		{28923F6E-8A68-4BC8-A507-825B09C3F64E}.Release|x86.Build.0 = Release|x86
		{B5E711A2-E6D0-4BEA-B66B-7A8B0BCA6A4D}.Debug|x86.ActiveCfg = Debug|x86
		{B5E711A2-E6D0-4BEA-B66B-7A8B0BCA6A4D}.Debug|x86.Build.0 = Debug|x86
		{B5E711A2-E6D0-4BEA-B66B-7A8B0BCA6A4D}.Release|x86.ActiveCfg = Release|x86
		{B5E711A2-E6D0-4BEA-B66B-7A8B0BCA6A4D}.Release|x86.Build.0 = Release|x86
		{EE8F2C22-8BD3-4832-85F0-E6F67ED3AADB}.Debug|x86.ActiveCfg = Debug|x86
		{EE8F2C22-8BD3-4832-85F0-E6F67ED3AADB}.Debug|x86.Build.0 = Debug|x86
		{EE8F2C22-8BD3-4832-85F0-E6F67ED3AADB}.Release|x86.ActiveCfg = Release|x86
		{EE8F2C22-8BD3-4832-85F0-E6F67ED3AADB}.Release|x86.Build.0 = Release|x86
		{3778B6E7-F5A4-40A4-90C4-CD19EBC6B039}.Debug|x86.ActiveCfg = Debug|x86
		{3778B6E7-F5A4-40A4-90C4-CD19EBC6B039}.Debug|x86.Build.0 = Debug|x86
		{3778B6E7-F5A4-40A4-90C4-CD19EBC6B039}.Release|x86.ActiveCfg = Release|x86
		{3778B6E7-F5A4-40A4-90C4-CD19EBC6B039}.Release|x86.Build.0 = Release|x86
		{ABA2DAF3-B4CF-42BF-8686-DD662B0D6406}.Debug|x86.ActiveCfg = Debug|x86
		{ABA2DAF3-B4CF-42BF-8686-DD662B0D6406}.Debug|x86.Build.0 = Debug|x86
		{ABA2DAF3-B4CF-42BF-8686-DD662B0D6406}.Release|x86.ActiveCfg = Release|x86
		{ABA2DAF3-B4CF-42BF-8686-DD662B0D6406}.Release|x86.Build.0 = Release|x86
		{A2702ACF-C59E-4564-8A4A-5CBFF21C1E66}.Debug|x86.ActiveCfg = Debug|x86
		{A2702ACF-C59E-4564-8A4A-5CBFF21C1E66}.Debug|x86.Build.0 = Debug|x86
		{A2702ACF-C59E-4564-8A4A-5CBFF21C1E66}.Release|x86.ActiveCfg = Release|x86
		{A2702ACF-C59E-4564-8A4A-5CBFF21C1E66}.Release|x86.Build.0 = Release|x86
		{2F296C09-627B-4D6E-A041-1601A8C030C7}.Debug|x86.ActiveCfg = Debug|x86
		{2F296C09-627B-4D6E-A041-1601A8C030C7}.Debug|x86.Build.0 = Debug|x86
		{2F296C09-627B-4D6E-A041-1601A8C030C7}.Release|x86.ActiveCfg = Release|x86
		{2F296C09-627B-4D6E-A041-1601A8C030C7}.Release|x86.Build.0 = Release|x86
		{905131F8-F8AC-4A65-A722-37783902D7B8}.Debug|x86.ActiveCfg = Debug|x86
		{905131F8-F8AC-4A65-A722-37783902D7B8}.Debug|x86.Build.0 = Debug|x86
		{905131F8-F8AC-4A65-A722-37783902D7B8}.Release|x86.ActiveCfg = Release|x86
		{905131F8-F8AC-4A65-A722-37783902D7B8}.Release|x86.Build.0 = Release|x86
		{F8CC05AA-6306-459E-BD32-40C02489EFEC}.Debug|x86.ActiveCfg = Debug|x86
		{F8CC05AA-6306-459E-BD32-40C02489EFEC}.Debug|x86.Build.0 = Debug|x86
		{F8CC05AA-6306-459E-BD32-40C02489EFEC}.Release|x86.ActiveCfg = Release|x86
		{F8CC05AA-6306-459E-BD32-40C02489EFEC}.Release|x86.Build.0 = Release|x86
		{C7BF555E-638F-4E1B-9D5A-D2D226C77676}.Debug|x86.ActiveCfg = Debug|x86
		{C7BF555E-638F-4E1B-9D5A-D2D226C77676}.Debug|x86.Build.0 = Debug|x86
		{C7BF555E-638F-4E1B-9D5A-D2D226C77676}.Release|x86.ActiveCfg = Release|x86
		{C7BF555E-638F-4E1B-9D5A-D2D226C77676}.Release|x86.Build.0 = Release|x86
		{1DD4B652-DBF4-47E2-B46C-C810EEE3B7C3}.Debug|x86.ActiveCfg = Debug|x86
		{1DD4B652-DBF4-47E2-B46C-C810EEE3B7C3}.Debug|x86.Build.0 = Debug|x86
		{1DD4B652-DBF4-47E2-B46C-C810EEE3B7C3}.Release|x86.ActiveCfg = Release|x86
		{1DD4B652-DBF4-47E2-B46C-C810EEE3B7C3}.Release|x86.Build.0 = Release|x86
		{C9DB6BFE-4AA7-43D6-8B5D-3B27A2FA4B1A}.Debug|x86.ActiveCfg = Debug|x86
		{C9DB6BFE-4AA7-43D6-8B5D-3B27A2FA4B1A}.Debug|x86.Build.0 = Debug|x86
		{C9DB6BFE-4AA7-43D6-8B5D-3B27A2FA4B1A}.Release|x86.ActiveCfg = Release|x86
		{C9DB6BFE-4AA7-43D6-8B5D-3B27A2FA4B1A}.Release|x86.Build.0 = Release|x86
		{66F37FF9-0398-4954-812D-065C2D153746}.Debug|x86.ActiveCfg = Debug|x86
		{66F37FF9-0398-4954-812D-065C2D153746}.Debug|x86.Build.0 = Debug|x86
		{66F37FF9-0398-4954-812D-065C2D153746}.Release|x86.ActiveCfg = Release|x86
		{66F37FF9-0398-4954-812D-065C2D153746}.Release|x86.Build.0 = Release|x86
		{FCE5308F-C451-4113-B7F2-BB6212EA7FAD}.Debug|x86.ActiveCfg = Debug|x86
		{FCE5308F-C451-4113-B7F2-BB6212EA7FAD}.Debug|x86.Build.0 = Debug|x86
		{FCE5308F-C451-4113-B7F2-BB6212EA7FAD}.Release|x86.ActiveCfg = Release|x86
		{FCE5308F-C451-4113-B7F2-BB6212EA7FAD}.Release|x86.Build.0 = Release|x86
		{EDE4F0AC-CA13-4E4F-8466-EF0519B7B0EF}.Debug|x86.ActiveCfg = Debug|x86
		{EDE4F0AC-CA13-4E4F-8466-EF0519B7B0EF}.Debug|x86.Build.0 = Debug|x86
		{EDE4F0AC-CA13-4E4F-8466-EF0519B7B0EF}.Release|x86.ActiveCfg = Release|x86
		{EDE4F0AC-CA13-4E4F-8466-EF0519B7B0EF}.Release|x86.Build.0 = Release|x86
		{097F7027-77A1-4623-8D6C-3D2020769EFD}.Debug|x86.ActiveCfg = Debug|x86
		{097F7027-77A1-4623-8D6C-3D2020769EFD}.Debug|x86.Build.0 = Debug|x86
		{097F7027-77A1-4623-8D6C-3D2020769EFD}.Release|x86.ActiveCfg = Release|x86
		{097F7027-77A1-4623-8D6C-3D2020769EFD}.Release|x86.Build.0 = Release|x86
		{E83E5C73-5F70-4B52-B6BD-E906BAE90DF6}.Debug|x86.ActiveCfg = Debug|x86
		{E83E5C73-5F70-4B52-B6BD-E906BAE90DF6}.Debug|x86.Build.0 = Debug|x86
		{E83E5C73-5F70-4B52-B6BD-E906BAE90DF6}.Release|x86.ActiveCfg = Release|x86
		{E83E5C73-5F70-4B52-B6BD-E906BAE90DF6}.Release|x86.Build.0 = Release|x86
		{26DEDF6D-F60D-4311-9A9E-DDF64500D5BF}.Debug|x86.ActiveCfg = Debug|x86
		{26DEDF6D-F60D-4311-9A9E-DDF64500D5BF}.Debug|x86.Build.0 = Debug|x86
		{26DEDF6D-F60D-4311-9A9E-DDF64500D5BF}.Release|x86.ActiveCfg = Release|x86
		{26DEDF6D-F60D-4311-9A9E-DDF64500D5BF}.Release|x86.Build.0 = Release|x86
		{58BFF250-541B-4AA4-A62D-ACB819AD317B}.Debug|x86.ActiveCfg = Debug|x86
		{58BFF250-541B-4AA4-A62D-ACB819AD317B}.Debug|x86.Build.0 = Debug|x86
		{58BFF250-541B-4AA4-A62D-ACB819AD317B}.Release|x86.ActiveCfg = Release|x86
		{58BFF250-541B-4AA4-A62D-ACB819AD317B}.Release|x86.Build.0 = Release|x86
		{28098574-D22E-457C-AFFA-560554499EAC}.Debug|x86.ActiveCfg = Debug|x86
		{28098574-D22E-457C-AFFA-560554499EAC}.Debug|x86.Build.0 = Debug|x86
		{28098574-D22E-457C-AFFA-560554499EAC}.Release|x86.ActiveCfg = Release|x86
		{28098574-D22E-457C-AFFA-560554499EAC}.Release|x86.Build.0 = Release|x86
		{349D0A5D-BF1F-4E3E-AF92-5A3D54AD1EB4}.Debug|x86.ActiveCfg = Debug|x86
		{349D0A5D-BF1F-4E3E-AF92-5A3D54AD1EB4}.Debug|x86.Build.0 = Debug|x86
		{349D0A5D-BF1F-4E3E-AF92-5A3D54AD1EB4}.Release|x86.ActiveCfg = Release|x86
		{349D0A5D-BF1F-4E3E-AF92-5A3D54AD1EB4}.Release|x86.Build.0 = Release|x86
		{EC37743A-64B2-472A-9EB6-CB052AD2B35C}.Debug|x86.ActiveCfg = Debug|x86
		{EC37743A-64B2-472A-9EB6-CB052AD2B35C}.Debug|x86.Build.0 = Debug|x86
		{EC37743A-64B2-472A-9EB6-CB052AD2B35C}.Release|x86.ActiveCfg = Release|x86
		{EC37743A-64B2-472A-9EB6-CB052AD2B35C}.Release|x86.Build.0 = Release|x86
		{EBFA0F67-1EB6-4282-8475-C397B9852B3F}.Debug|x86.ActiveCfg = Debug|x86
		{EBFA0F67-1EB6-4282-8475-C397B9852B3F}.Debug|x86.Build.0 = Debug|x86
		{EBFA0F67-1EB6-4282-8475-C397B9852B3F}.Release|x86.ActiveCfg = Release|x86
		{EBFA0F67-1EB6-4282-8475-C397B9852B3F}.Release|x86.Build.0 = Release|x86
		{D88EDBC1-D583-4149-9873-8239FA63F4FE}.Debug|x86.ActiveCfg = Debug|x86
		{D88EDBC1-D583-4149-9873-8239FA63F4FE}.Debug|x86.Build.0 = Debug|x86
		{D88EDBC1-D583-4149-9873-8239FA63F4FE}.Release|x86.ActiveCfg = Release|x86
		{D88EDBC1-D583-4149-9873-8239FA63F4FE}.Release|x86.Build.0 = Release|x86
		{46F1DB42-F082-4200-B939-6E4B72A8117C}.Debug|x86.ActiveCfg = Debug|x86
		{46F1DB42-F082-4200-B939-6E4B72A8117C}.Debug|x86.Build.0 = Debug|x86
		{46F1DB42-F082-4200-B939-6E4B72A8117C}.Release|x86.ActiveCfg = Release|x86
		{46F1DB42-F082-4200-B939-6E4B72A8117C}.Release|x86.Build.0 = Release|x86
		{1E84C2ED-92FC-43A4-9C12-374B3347F6D7}.Debug|x86.ActiveCfg = Debug|x86
		{1E84C2ED-92FC-43A4-9C12-374B3347F6D7}.Debug|x86.Build.0 = Debug|x86
		{1E84C2ED-92FC-43A4-9C12-374B3347F6D7}.Release|x86.ActiveCfg = Release|x86
		{1E84C2ED-92FC-43A4-9C12-374B3347F6D7}.Release|x86.Build.0 = Release|x86
		{5C0DF76E-D1AE-4161-B8D1-843925C8AB58}.Debug|x86.ActiveCfg = Debug|x86
		{5C0DF76E-D1AE-4161-B8D1-843925C8AB58}.Debug|x86.Build.0 = Debug|x86
		{5C0DF76E-D1AE-4161-B8D1-843925C8AB58}.Release|x86.ActiveCfg = Release|x86
		{5C0DF76E-D1AE-4161-B8D1-843925C8AB58}.Release|x86.Build.0 = Release|x86
		{0C6A59C2-B5CC-48EF-A41F-0F1E463D8391}.Debug|x86.ActiveCfg = Debug|x86
		{0C6A59C2-B5CC-48EF-A41F-0F1E463D8391}.Debug|x86.Build.0 = Debug|x86
		{0C6A59C2-B5CC-48EF-A41F-0F1E463D8391}.Release|x86.ActiveCfg = Release|x86
		{0C6A59C2-B5CC-48EF-A41F-0F1E463D8391}.Release|x86.Build.0 = Release|x86
		{A86517F4-BBCF-4D56-B0CA-C9E36AFAC550}.Debug|x86.ActiveCfg = Debug|x86
		{A86517F4-BBCF-4D56-B0CA-C9E36AFAC550}.Release|x86.ActiveCfg = Release|x86
		{49CF376E-811C-4EB4-817F-A39C9529B608}.Debug|x86.ActiveCfg = Debug|x86
		{49CF376E-811C-4EB4-817F-A39C9529B608}.Release|x86.ActiveCfg = Release|x86
		{0E045E97-EEB2-461C-A416-CFC8E452E044}.Debug|x86.ActiveCfg = Debug|x86
		{0E045E97-EEB2-461C-A416-CFC8E452E044}.Release|x86.ActiveCfg = Release|x86
		{6137C390-DDB0-44B0-8ED5-51B45C0D4404}.Debug|x86.ActiveCfg = Debug|x86
		{6137C390-DDB0-44B0-8ED5-51B45C0D4404}.Release|x86.ActiveCfg = Release|x86
		{6B56D6E4-8B50-4545-BF2B-FD88738DBEA1}.Debug|x86.ActiveCfg = Debug|x86
		{6B56D6E4-8B50-4545-BF2B-FD88738DBEA1}.Debug|x86.Build.0 = Debug|x86
		{6B56D6E4-8B50-4545-BF2B-FD88738DBEA1}.Release|x86.ActiveCfg = Release|x86
		{6B56D6E4-8B50-4545-BF2B-FD88738DBEA1}.Release|x86.Build.0 = Release|x86
	EndGlobalSection
	GlobalSection(SolutionProperties) = preSolution
		HideSolutionNode = FALSE
	EndGlobalSection
	GlobalSection(NestedProjects) = preSolution
		{EAE43789-D389-4EE3-AAB7-843135F877B0} = {0C209E91-5AD5-4662-AD0E-976A940D4806}
		{4CD051F4-F2B5-47B3-8647-F47C2E4DC131} = {0C209E91-5AD5-4662-AD0E-976A940D4806}
		{A8B8B9C6-9E88-486B-AE9C-F2D945ED05A6} = {0C209E91-5AD5-4662-AD0E-976A940D4806}
		{46C08F6B-F3C8-461B-9B6F-3BFD4AAAFD63} = {0C209E91-5AD5-4662-AD0E-976A940D4806}
		{D871AB9A-71B3-4D63-8320-084BAD75064E} = {0C209E91-5AD5-4662-AD0E-976A940D4806}
		{C6B0CF12-01D3-439A-9FB4-DEFD5B32F6FB} = {0C209E91-5AD5-4662-AD0E-976A940D4806}
		{54E0E8FA-09C3-4755-B9CE-E7E5DDA3E932} = {0C209E91-5AD5-4662-AD0E-976A940D4806}
		{CCDBA239-8E8E-4F5F-A098-7132EED5F160} = {0C209E91-5AD5-4662-AD0E-976A940D4806}
		{B5E711A2-E6D0-4BEA-B66B-7A8B0BCA6A4D} = {0C209E91-5AD5-4662-AD0E-976A940D4806}
		{2F296C09-627B-4D6E-A041-1601A8C030C7} = {0C209E91-5AD5-4662-AD0E-976A940D4806}
		{905131F8-F8AC-4A65-A722-37783902D7B8} = {0C209E91-5AD5-4662-AD0E-976A940D4806}
		{F8CC05AA-6306-459E-BD32-40C02489EFEC} = {0C209E91-5AD5-4662-AD0E-976A940D4806}
		{66F37FF9-0398-4954-812D-065C2D153746} = {0C209E91-5AD5-4662-AD0E-976A940D4806}
		{EDE4F0AC-CA13-4E4F-8466-EF0519B7B0EF} = {0C209E91-5AD5-4662-AD0E-976A940D4806}
		{097F7027-77A1-4623-8D6C-3D2020769EFD} = {0C209E91-5AD5-4662-AD0E-976A940D4806}
		{58BFF250-541B-4AA4-A62D-ACB819AD317B} = {0C209E91-5AD5-4662-AD0E-976A940D4806}
		{349D0A5D-BF1F-4E3E-AF92-5A3D54AD1EB4} = {0C209E91-5AD5-4662-AD0E-976A940D4806}
		{6E178F04-C237-4292-A964-4D3C935EB035} = {0D1620EE-01B9-43B5-9FAA-E983BD9EBDBD}
		{7C686499-7517-4338-8837-7E8617549D9A} = {0D1620EE-01B9-43B5-9FAA-E983BD9EBDBD}
		{BABC30EB-7D0F-4398-9FCB-E517EA8D2AA9} = {0D1620EE-01B9-43B5-9FAA-E983BD9EBDBD}
		{99B5CA78-3E0B-477F-A7D3-EE1B65E85DE4} = {0D1620EE-01B9-43B5-9FAA-E983BD9EBDBD}
		{4CBA81F9-F0C2-4242-8D72-204597285042} = {0D1620EE-01B9-43B5-9FAA-E983BD9EBDBD}
		{2B9C6BE9-98D0-4D69-B041-57EE5D2DFB97} = {0D1620EE-01B9-43B5-9FAA-E983BD9EBDBD}
		{883913F6-F4A7-4DE2-846A-C2102FAF499E} = {0D1620EE-01B9-43B5-9FAA-E983BD9EBDBD}
		{253FFB14-AB8E-49AB-A005-A42428C3F452} = {0D1620EE-01B9-43B5-9FAA-E983BD9EBDBD}
		{9FDD649E-0502-4FED-9AC1-AA0346394375} = {0D1620EE-01B9-43B5-9FAA-E983BD9EBDBD}
		{0F6576B4-C88E-4E79-B7E9-9480498C5A32} = {0D1620EE-01B9-43B5-9FAA-E983BD9EBDBD}
		{E6A68244-8C31-44A9-9F85-B4A102B5F209} = {0D1620EE-01B9-43B5-9FAA-E983BD9EBDBD}
		{0C291BE9-5D15-4097-9119-4FFE19C23113} = {0D1620EE-01B9-43B5-9FAA-E983BD9EBDBD}
		{1D4B9ABE-F37D-4C38-9BC5-EDD43F271F4E} = {0D1620EE-01B9-43B5-9FAA-E983BD9EBDBD}
		{A4023992-CCD6-461E-8E14-219A496734C5} = {0D1620EE-01B9-43B5-9FAA-E983BD9EBDBD}
		{5A9954F8-344C-489C-B8DA-8E8927271A02} = {0D1620EE-01B9-43B5-9FAA-E983BD9EBDBD}
		{A50080F4-53D1-41CC-9C5F-500AFDDE9E8B} = {0D1620EE-01B9-43B5-9FAA-E983BD9EBDBD}
		{732CDF64-D047-4D3C-91DA-E2FF27D84179} = {0D1620EE-01B9-43B5-9FAA-E983BD9EBDBD}
		{E146C2D8-6842-46C5-B2A9-AFA9D6F1A3BB} = {0D1620EE-01B9-43B5-9FAA-E983BD9EBDBD}
		{EE8F2C22-8BD3-4832-85F0-E6F67ED3AADB} = {0D1620EE-01B9-43B5-9FAA-E983BD9EBDBD}
		{3778B6E7-F5A4-40A4-90C4-CD19EBC6B039} = {0D1620EE-01B9-43B5-9FAA-E983BD9EBDBD}
		{ABA2DAF3-B4CF-42BF-8686-DD662B0D6406} = {0D1620EE-01B9-43B5-9FAA-E983BD9EBDBD}
		{A2702ACF-C59E-4564-8A4A-5CBFF21C1E66} = {0D1620EE-01B9-43B5-9FAA-E983BD9EBDBD}
		{C7BF555E-638F-4E1B-9D5A-D2D226C77676} = {0D1620EE-01B9-43B5-9FAA-E983BD9EBDBD}
		{1DD4B652-DBF4-47E2-B46C-C810EEE3B7C3} = {0D1620EE-01B9-43B5-9FAA-E983BD9EBDBD}
		{C9DB6BFE-4AA7-43D6-8B5D-3B27A2FA4B1A} = {0D1620EE-01B9-43B5-9FAA-E983BD9EBDBD}
		{FCE5308F-C451-4113-B7F2-BB6212EA7FAD} = {0D1620EE-01B9-43B5-9FAA-E983BD9EBDBD}
		{E83E5C73-5F70-4B52-B6BD-E906BAE90DF6} = {0D1620EE-01B9-43B5-9FAA-E983BD9EBDBD}
		{26DEDF6D-F60D-4311-9A9E-DDF64500D5BF} = {0D1620EE-01B9-43B5-9FAA-E983BD9EBDBD}
		{EC37743A-64B2-472A-9EB6-CB052AD2B35C} = {0D1620EE-01B9-43B5-9FAA-E983BD9EBDBD}
		{EBFA0F67-1EB6-4282-8475-C397B9852B3F} = {0D1620EE-01B9-43B5-9FAA-E983BD9EBDBD}
		{D88EDBC1-D583-4149-9873-8239FA63F4FE} = {0D1620EE-01B9-43B5-9FAA-E983BD9EBDBD}
		{6B56D6E4-8B50-4545-BF2B-FD88738DBEA1} = {0D1620EE-01B9-43B5-9FAA-E983BD9EBDBD}
		{CA15769C-232E-4CA7-94FD-206A06CA3ABB} = {E757F80C-23C5-4AD6-B178-16799E337E03}
		{BCAFDF45-70DD-46FD-8B98-880DDA585AD2} = {E757F80C-23C5-4AD6-B178-16799E337E03}
		{28923F6E-8A68-4BC8-A507-825B09C3F64E} = {E757F80C-23C5-4AD6-B178-16799E337E03}
		{28098574-D22E-457C-AFFA-560554499EAC} = {E757F80C-23C5-4AD6-B178-16799E337E03}
		{D8B3D28F-62CE-4CA7-86CE-B7EAD614A94C} = {DEE5AAD1-0110-4681-8FF9-662CEA72FD94}
		{46F1DB42-F082-4200-B939-6E4B72A8117C} = {DEE5AAD1-0110-4681-8FF9-662CEA72FD94}
		{1E84C2ED-92FC-43A4-9C12-374B3347F6D7} = {DEE5AAD1-0110-4681-8FF9-662CEA72FD94}
		{5C0DF76E-D1AE-4161-B8D1-843925C8AB58} = {DEE5AAD1-0110-4681-8FF9-662CEA72FD94}
		{0C6A59C2-B5CC-48EF-A41F-0F1E463D8391} = {DEE5AAD1-0110-4681-8FF9-662CEA72FD94}
		{6AA1F598-03AD-427F-AA58-A0D967D42D4B} = {F0D3A774-FE5E-4419-B9B6-C11FF1C4BB50}
		{21E04B17-D850-43E7-AAD3-876C0E062BDB} = {F0D3A774-FE5E-4419-B9B6-C11FF1C4BB50}
		{106A69D2-670C-4DE5-A81C-A3CD5D3F21EB} = {F0D3A774-FE5E-4419-B9B6-C11FF1C4BB50}
		{D1BAC7A9-FFB6-44BA-825F-32506831DC3D} = {F0D3A774-FE5E-4419-B9B6-C11FF1C4BB50}
		{A86517F4-BBCF-4D56-B0CA-C9E36AFAC550} = {6AA1F598-03AD-427F-AA58-A0D967D42D4B}
		{49CF376E-811C-4EB4-817F-A39C9529B608} = {6AA1F598-03AD-427F-AA58-A0D967D42D4B}
		{0C894165-4BE8-4CF7-8F92-2B6DF68EB43A} = {EAE43789-D389-4EE3-AAB7-843135F877B0}
		{0E045E97-EEB2-461C-A416-CFC8E452E044} = {6E178F04-C237-4292-A964-4D3C935EB035}
		{6137C390-DDB0-44B0-8ED5-51B45C0D4404} = {6E178F04-C237-4292-A964-4D3C935EB035}
	EndGlobalSection
	GlobalSection(ExtensibilityGlobals) = postSolution
		VisualSVNWorkingCopyRoot = ..
	EndGlobalSection
EndGlobal
